// !$*UTF8*$!
{
	archiveVersion = 1;
	classes = {
	};
	objectVersion = 46;
	objects = {

/* Begin PBXBuildFile section */
		6623822B1B33643F00C5EB6D /* CustomPointAnnotation.m in Sources */ = {isa = PBXBuildFile; fileRef = 6623822A1B33643F00C5EB6D /* CustomPointAnnotation.m */; };
		662382321B34775700C5EB6D /* ChatViewController.m in Sources */ = {isa = PBXBuildFile; fileRef = 662382311B34775700C5EB6D /* ChatViewController.m */; };
		662382361B34826600C5EB6D /* Activity.m in Sources */ = {isa = PBXBuildFile; fileRef = 662382351B34826600C5EB6D /* Activity.m */; };
		66D69A3B1B38F3C7009625A9 /* ActivityFeedViewController.m in Sources */ = {isa = PBXBuildFile; fileRef = 66D69A3A1B38F3C7009625A9 /* ActivityFeedViewController.m */; };
		66D69A3F1B38F6DC009625A9 /* ActivityCell.m in Sources */ = {isa = PBXBuildFile; fileRef = 66D69A3E1B38F6DC009625A9 /* ActivityCell.m */; };
		66D69A421B38FE6F009625A9 /* CommentTableViewController.m in Sources */ = {isa = PBXBuildFile; fileRef = 66D69A411B38FE6F009625A9 /* CommentTableViewController.m */; };
		66D69A481B38FF73009625A9 /* SelectedSplatViewController.m in Sources */ = {isa = PBXBuildFile; fileRef = 66D69A471B38FF73009625A9 /* SelectedSplatViewController.m */; };
		7E59057D1B3857230068BFE4 /* Feed.storyboard in Resources */ = {isa = PBXBuildFile; fileRef = 7E59057C1B3857230068BFE4 /* Feed.storyboard */; };
		7E5905801B385B8D0068BFE4 /* FeedViewController.m in Sources */ = {isa = PBXBuildFile; fileRef = 7E59057F1B385B8D0068BFE4 /* FeedViewController.m */; };
		7E5905C51B38F76E0068BFE4 /* SplatTableViewCell.m in Sources */ = {isa = PBXBuildFile; fileRef = 7E5905C41B38F76D0068BFE4 /* SplatTableViewCell.m */; };
		7EAAE4451B2F3C1500814E77 /* AudioToolbox.framework in Frameworks */ = {isa = PBXBuildFile; fileRef = 7EAAE4441B2F3C1500814E77 /* AudioToolbox.framework */; };
		7EAAE4471B2F3C1E00814E77 /* CFNetwork.framework in Frameworks */ = {isa = PBXBuildFile; fileRef = 7EAAE4461B2F3C1E00814E77 /* CFNetwork.framework */; };
		7EAAE4491B2F3C2A00814E77 /* CoreGraphics.framework in Frameworks */ = {isa = PBXBuildFile; fileRef = 7EAAE4481B2F3C2A00814E77 /* CoreGraphics.framework */; };
		7EAAE44B1B2F3C3500814E77 /* CoreLocation.framework in Frameworks */ = {isa = PBXBuildFile; fileRef = 7EAAE44A1B2F3C3500814E77 /* CoreLocation.framework */; };
		7EAAE44D1B2F3C4100814E77 /* MobileCoreServices.framework in Frameworks */ = {isa = PBXBuildFile; fileRef = 7EAAE44C1B2F3C4100814E77 /* MobileCoreServices.framework */; };
		7EAAE44F1B2F3C4C00814E77 /* QuartzCore.framework in Frameworks */ = {isa = PBXBuildFile; fileRef = 7EAAE44E1B2F3C4C00814E77 /* QuartzCore.framework */; };
		7EAAE4511B2F3C5400814E77 /* Security.framework in Frameworks */ = {isa = PBXBuildFile; fileRef = 7EAAE4501B2F3C5400814E77 /* Security.framework */; };
		7EAAE4531B2F3C5E00814E77 /* StoreKit.framework in Frameworks */ = {isa = PBXBuildFile; fileRef = 7EAAE4521B2F3C5E00814E77 /* StoreKit.framework */; };
		7EAAE4551B2F3C6A00814E77 /* SystemConfiguration.framework in Frameworks */ = {isa = PBXBuildFile; fileRef = 7EAAE4541B2F3C6A00814E77 /* SystemConfiguration.framework */; };
		7EAAE4571B2F3C7900814E77 /* libz.dylib in Frameworks */ = {isa = PBXBuildFile; fileRef = 7EAAE4561B2F3C7900814E77 /* libz.dylib */; };
		7EAAE4591B2F3C8900814E77 /* libsqlite3.dylib in Frameworks */ = {isa = PBXBuildFile; fileRef = 7EAAE4581B2F3C8900814E77 /* libsqlite3.dylib */; };
		7EAAE4601B2F4F2200814E77 /* Bolts.framework in Frameworks */ = {isa = PBXBuildFile; fileRef = 7EAAE45A1B2F4F2200814E77 /* Bolts.framework */; };
		7EAAE4611B2F4F2300814E77 /* Parse.framework in Frameworks */ = {isa = PBXBuildFile; fileRef = 7EAAE45B1B2F4F2200814E77 /* Parse.framework */; };
		7EAAE4621B2F4F2300814E77 /* ParseCrashReporting.framework in Frameworks */ = {isa = PBXBuildFile; fileRef = 7EAAE45C1B2F4F2200814E77 /* ParseCrashReporting.framework */; };
		7EAAE4651B2F4F2300814E77 /* ParseUI.framework in Frameworks */ = {isa = PBXBuildFile; fileRef = 7EAAE45F1B2F4F2200814E77 /* ParseUI.framework */; };
		7EAAE47A1B2F646C00814E77 /* LoginViewController.m in Sources */ = {isa = PBXBuildFile; fileRef = 7EAAE4791B2F646C00814E77 /* LoginViewController.m */; };
		7EC5320B1B31BED200CF94BF /* SignupViewController.m in Sources */ = {isa = PBXBuildFile; fileRef = 7EC5320A1B31BED200CF94BF /* SignupViewController.m */; };
		7EC5320E1B31BEE800CF94BF /* SessionViewController.m in Sources */ = {isa = PBXBuildFile; fileRef = 7EC5320D1B31BEE800CF94BF /* SessionViewController.m */; };
		7EC532101B31BFF000CF94BF /* Onboarding.storyboard in Resources */ = {isa = PBXBuildFile; fileRef = 7EC5320F1B31BFF000CF94BF /* Onboarding.storyboard */; };
		7EC532131B31D64D00CF94BF /* UsernameViewController.m in Sources */ = {isa = PBXBuildFile; fileRef = 7EC532121B31D64D00CF94BF /* UsernameViewController.m */; };
		7EC532181B32031700CF94BF /* (null) in Frameworks */ = {isa = PBXBuildFile; };
		7EC5321A1B32032000CF94BF /* (null) in Frameworks */ = {isa = PBXBuildFile; };
		7EC5321D1B32322B00CF94BF /* (null) in Sources */ = {isa = PBXBuildFile; };
		991AA1321B324AA2004F2B2C /* FoursquareAPI.m in Sources */ = {isa = PBXBuildFile; fileRef = 991AA1311B324AA2004F2B2C /* FoursquareAPI.m */; };
		991CE4C31B39B4B6004E6E05 /* TabBarController.m in Sources */ = {isa = PBXBuildFile; fileRef = 991CE4C21B39B4B6004E6E05 /* TabBarController.m */; };
		991CE4C61B39BADE004E6E05 /* ProfileSettingViewController.m in Sources */ = {isa = PBXBuildFile; fileRef = 991CE4C51B39BADE004E6E05 /* ProfileSettingViewController.m */; };
		99349E441B31CC95001C47F7 /* DetailViewController.m in Sources */ = {isa = PBXBuildFile; fileRef = 99349E431B31CC95001C47F7 /* DetailViewController.m */; };
		9944F6661B34812E002C7650 /* CommentViewController.m in Sources */ = {isa = PBXBuildFile; fileRef = 9944F6651B34812E002C7650 /* CommentViewController.m */; };
		996D51E81B334A6F002304E5 /* SelectLocationViewController.m in Sources */ = {isa = PBXBuildFile; fileRef = 996D51E71B334A6F002304E5 /* SelectLocationViewController.m */; };
		99894F7E1B2FB64E00367E67 /* Object.m in Sources */ = {isa = PBXBuildFile; fileRef = 99894F7D1B2FB64E00367E67 /* Object.m */; };
		99894F831B2FBF1700367E67 /* CameraViewController.m in Sources */ = {isa = PBXBuildFile; fileRef = 99894F821B2FBF1700367E67 /* CameraViewController.m */; };
		999B3A8A1B2F323C002BC1D6 /* PrimaryView.storyboard in Resources */ = {isa = PBXBuildFile; fileRef = 999B3A891B2F323C002BC1D6 /* PrimaryView.storyboard */; };
		999B3A971B2F4D89002BC1D6 /* MapKit.framework in Frameworks */ = {isa = PBXBuildFile; fileRef = 999B3A961B2F4D89002BC1D6 /* MapKit.framework */; };
		999B3A9C1B2F6C2E002BC1D6 /* Fabric.framework in Frameworks */ = {isa = PBXBuildFile; fileRef = 999B3A9A1B2F6C2E002BC1D6 /* Fabric.framework */; };
		999B3A9D1B2F6C2E002BC1D6 /* Crashlytics.framework in Frameworks */ = {isa = PBXBuildFile; fileRef = 999B3A9B1B2F6C2E002BC1D6 /* Crashlytics.framework */; };
		999CF7701B2D19A5006A0324 /* main.m in Sources */ = {isa = PBXBuildFile; fileRef = 999CF76F1B2D19A5006A0324 /* main.m */; };
		999CF7731B2D19A5006A0324 /* AppDelegate.m in Sources */ = {isa = PBXBuildFile; fileRef = 999CF7721B2D19A5006A0324 /* AppDelegate.m */; };
		999CF7761B2D19A5006A0324 /* TheWalls.xcdatamodeld in Sources */ = {isa = PBXBuildFile; fileRef = 999CF7741B2D19A5006A0324 /* TheWalls.xcdatamodeld */; };
		999CF7791B2D19A5006A0324 /* RootViewController.m in Sources */ = {isa = PBXBuildFile; fileRef = 999CF7781B2D19A5006A0324 /* RootViewController.m */; };
		999CF77E1B2D19A5006A0324 /* Images.xcassets in Resources */ = {isa = PBXBuildFile; fileRef = 999CF77D1B2D19A5006A0324 /* Images.xcassets */; };
		999CF7811B2D19A5006A0324 /* LaunchScreen.xib in Resources */ = {isa = PBXBuildFile; fileRef = 999CF77F1B2D19A5006A0324 /* LaunchScreen.xib */; };
		999CF78D1B2D19A5006A0324 /* TheWallsTests.m in Sources */ = {isa = PBXBuildFile; fileRef = 999CF78C1B2D19A5006A0324 /* TheWallsTests.m */; };
		999CF79A1B2D2AAC006A0324 /* UIColor+CustomColors.m in Sources */ = {isa = PBXBuildFile; fileRef = 999CF7991B2D2AAC006A0324 /* UIColor+CustomColors.m */; };
		999CF7A01B2E05AB006A0324 /* SplashViewController.m in Sources */ = {isa = PBXBuildFile; fileRef = 999CF79F1B2E05AB006A0324 /* SplashViewController.m */; };
		99B95ADF1B3866B700F82A97 /* Brandon Grotesque Black Italic.ttf in Resources */ = {isa = PBXBuildFile; fileRef = 99B95AD21B3866B700F82A97 /* Brandon Grotesque Black Italic.ttf */; };
		99B95AE01B3866B700F82A97 /* Brandon Grotesque Black.ttf in Resources */ = {isa = PBXBuildFile; fileRef = 99B95AD31B3866B700F82A97 /* Brandon Grotesque Black.ttf */; };
		99B95AE11B3866B700F82A97 /* Brandon Grotesque Bold Italic.ttf in Resources */ = {isa = PBXBuildFile; fileRef = 99B95AD41B3866B700F82A97 /* Brandon Grotesque Bold Italic.ttf */; };
		99B95AE21B3866B700F82A97 /* Brandon Grotesque Bold.ttf in Resources */ = {isa = PBXBuildFile; fileRef = 99B95AD51B3866B700F82A97 /* Brandon Grotesque Bold.ttf */; };
		99B95AE31B3866B700F82A97 /* Brandon Grotesque Italic.ttf in Resources */ = {isa = PBXBuildFile; fileRef = 99B95AD61B3866B700F82A97 /* Brandon Grotesque Italic.ttf */; };
		99B95AE41B3866B700F82A97 /* Brandon Grotesque Light Italic.ttf in Resources */ = {isa = PBXBuildFile; fileRef = 99B95AD71B3866B700F82A97 /* Brandon Grotesque Light Italic.ttf */; };
		99B95AE51B3866B700F82A97 /* Brandon Grotesque Light.ttf in Resources */ = {isa = PBXBuildFile; fileRef = 99B95AD81B3866B700F82A97 /* Brandon Grotesque Light.ttf */; };
		99B95AE61B3866B700F82A97 /* Brandon Grotesque Medium Italic.ttf in Resources */ = {isa = PBXBuildFile; fileRef = 99B95AD91B3866B700F82A97 /* Brandon Grotesque Medium Italic.ttf */; };
		99B95AE71B3866B700F82A97 /* Brandon Grotesque Medium.ttf in Resources */ = {isa = PBXBuildFile; fileRef = 99B95ADA1B3866B700F82A97 /* Brandon Grotesque Medium.ttf */; };
		99B95AE81B3866B700F82A97 /* Brandon Grotesque Regular.ttf in Resources */ = {isa = PBXBuildFile; fileRef = 99B95ADB1B3866B700F82A97 /* Brandon Grotesque Regular.ttf */; };
		99B95AE91B3866B700F82A97 /* Brandon Grotesque Thin Italic.ttf in Resources */ = {isa = PBXBuildFile; fileRef = 99B95ADC1B3866B700F82A97 /* Brandon Grotesque Thin Italic.ttf */; };
		99B95AEA1B3866B700F82A97 /* Brandon Grotesque Thin.ttf in Resources */ = {isa = PBXBuildFile; fileRef = 99B95ADD1B3866B700F82A97 /* Brandon Grotesque Thin.ttf */; };
/* End PBXBuildFile section */

/* Begin PBXContainerItemProxy section */
		999CF7871B2D19A5006A0324 /* PBXContainerItemProxy */ = {
			isa = PBXContainerItemProxy;
			containerPortal = 999CF7621B2D19A5006A0324 /* Project object */;
			proxyType = 1;
			remoteGlobalIDString = 999CF7691B2D19A5006A0324;
			remoteInfo = TheWalls;
		};
/* End PBXContainerItemProxy section */

/* Begin PBXFileReference section */
		662382291B33643F00C5EB6D /* CustomPointAnnotation.h */ = {isa = PBXFileReference; fileEncoding = 4; lastKnownFileType = sourcecode.c.h; path = CustomPointAnnotation.h; sourceTree = "<group>"; };
		6623822A1B33643F00C5EB6D /* CustomPointAnnotation.m */ = {isa = PBXFileReference; fileEncoding = 4; lastKnownFileType = sourcecode.c.objc; path = CustomPointAnnotation.m; sourceTree = "<group>"; };
		6623822F1B34711900C5EB6D /* SignupViewController.h */ = {isa = PBXFileReference; lastKnownFileType = sourcecode.c.h; path = SignupViewController.h; sourceTree = "<group>"; };
		662382301B34775700C5EB6D /* ChatViewController.h */ = {isa = PBXFileReference; fileEncoding = 4; lastKnownFileType = sourcecode.c.h; path = ChatViewController.h; sourceTree = "<group>"; };
		662382311B34775700C5EB6D /* ChatViewController.m */ = {isa = PBXFileReference; fileEncoding = 4; lastKnownFileType = sourcecode.c.objc; path = ChatViewController.m; sourceTree = "<group>"; };
		662382341B34826600C5EB6D /* Activity.h */ = {isa = PBXFileReference; fileEncoding = 4; lastKnownFileType = sourcecode.c.h; path = Activity.h; sourceTree = "<group>"; };
		662382351B34826600C5EB6D /* Activity.m */ = {isa = PBXFileReference; fileEncoding = 4; lastKnownFileType = sourcecode.c.objc; path = Activity.m; sourceTree = "<group>"; };
		66D69A391B38F3C7009625A9 /* ActivityFeedViewController.h */ = {isa = PBXFileReference; fileEncoding = 4; lastKnownFileType = sourcecode.c.h; path = ActivityFeedViewController.h; sourceTree = "<group>"; };
		66D69A3A1B38F3C7009625A9 /* ActivityFeedViewController.m */ = {isa = PBXFileReference; fileEncoding = 4; lastKnownFileType = sourcecode.c.objc; path = ActivityFeedViewController.m; sourceTree = "<group>"; };
		66D69A3D1B38F6DC009625A9 /* ActivityCell.h */ = {isa = PBXFileReference; fileEncoding = 4; lastKnownFileType = sourcecode.c.h; path = ActivityCell.h; sourceTree = "<group>"; };
		66D69A3E1B38F6DC009625A9 /* ActivityCell.m */ = {isa = PBXFileReference; fileEncoding = 4; lastKnownFileType = sourcecode.c.objc; path = ActivityCell.m; sourceTree = "<group>"; };
		66D69A401B38FE6F009625A9 /* CommentTableViewController.h */ = {isa = PBXFileReference; fileEncoding = 4; lastKnownFileType = sourcecode.c.h; path = CommentTableViewController.h; sourceTree = "<group>"; };
		66D69A411B38FE6F009625A9 /* CommentTableViewController.m */ = {isa = PBXFileReference; fileEncoding = 4; lastKnownFileType = sourcecode.c.objc; path = CommentTableViewController.m; sourceTree = "<group>"; };
		66D69A461B38FF73009625A9 /* SelectedSplatViewController.h */ = {isa = PBXFileReference; fileEncoding = 4; lastKnownFileType = sourcecode.c.h; path = SelectedSplatViewController.h; sourceTree = "<group>"; };
		66D69A471B38FF73009625A9 /* SelectedSplatViewController.m */ = {isa = PBXFileReference; fileEncoding = 4; lastKnownFileType = sourcecode.c.objc; path = SelectedSplatViewController.m; sourceTree = "<group>"; };
		7E59057C1B3857230068BFE4 /* Feed.storyboard */ = {isa = PBXFileReference; fileEncoding = 4; lastKnownFileType = file.storyboard; path = Feed.storyboard; sourceTree = "<group>"; };
		7E59057E1B385B8C0068BFE4 /* FeedViewController.h */ = {isa = PBXFileReference; fileEncoding = 4; lastKnownFileType = sourcecode.c.h; path = FeedViewController.h; sourceTree = "<group>"; };
		7E59057F1B385B8D0068BFE4 /* FeedViewController.m */ = {isa = PBXFileReference; fileEncoding = 4; lastKnownFileType = sourcecode.c.objc; path = FeedViewController.m; sourceTree = "<group>"; };
		7E5905C31B38F76D0068BFE4 /* SplatTableViewCell.h */ = {isa = PBXFileReference; fileEncoding = 4; lastKnownFileType = sourcecode.c.h; path = SplatTableViewCell.h; sourceTree = "<group>"; };
		7E5905C41B38F76D0068BFE4 /* SplatTableViewCell.m */ = {isa = PBXFileReference; fileEncoding = 4; lastKnownFileType = sourcecode.c.objc; path = SplatTableViewCell.m; sourceTree = "<group>"; };
		7EAAE4441B2F3C1500814E77 /* AudioToolbox.framework */ = {isa = PBXFileReference; lastKnownFileType = wrapper.framework; name = AudioToolbox.framework; path = System/Library/Frameworks/AudioToolbox.framework; sourceTree = SDKROOT; };
		7EAAE4461B2F3C1E00814E77 /* CFNetwork.framework */ = {isa = PBXFileReference; lastKnownFileType = wrapper.framework; name = CFNetwork.framework; path = System/Library/Frameworks/CFNetwork.framework; sourceTree = SDKROOT; };
		7EAAE4481B2F3C2A00814E77 /* CoreGraphics.framework */ = {isa = PBXFileReference; lastKnownFileType = wrapper.framework; name = CoreGraphics.framework; path = System/Library/Frameworks/CoreGraphics.framework; sourceTree = SDKROOT; };
		7EAAE44A1B2F3C3500814E77 /* CoreLocation.framework */ = {isa = PBXFileReference; lastKnownFileType = wrapper.framework; name = CoreLocation.framework; path = System/Library/Frameworks/CoreLocation.framework; sourceTree = SDKROOT; };
		7EAAE44C1B2F3C4100814E77 /* MobileCoreServices.framework */ = {isa = PBXFileReference; lastKnownFileType = wrapper.framework; name = MobileCoreServices.framework; path = System/Library/Frameworks/MobileCoreServices.framework; sourceTree = SDKROOT; };
		7EAAE44E1B2F3C4C00814E77 /* QuartzCore.framework */ = {isa = PBXFileReference; lastKnownFileType = wrapper.framework; name = QuartzCore.framework; path = System/Library/Frameworks/QuartzCore.framework; sourceTree = SDKROOT; };
		7EAAE4501B2F3C5400814E77 /* Security.framework */ = {isa = PBXFileReference; lastKnownFileType = wrapper.framework; name = Security.framework; path = System/Library/Frameworks/Security.framework; sourceTree = SDKROOT; };
		7EAAE4521B2F3C5E00814E77 /* StoreKit.framework */ = {isa = PBXFileReference; lastKnownFileType = wrapper.framework; name = StoreKit.framework; path = System/Library/Frameworks/StoreKit.framework; sourceTree = SDKROOT; };
		7EAAE4541B2F3C6A00814E77 /* SystemConfiguration.framework */ = {isa = PBXFileReference; lastKnownFileType = wrapper.framework; name = SystemConfiguration.framework; path = System/Library/Frameworks/SystemConfiguration.framework; sourceTree = SDKROOT; };
		7EAAE4561B2F3C7900814E77 /* libz.dylib */ = {isa = PBXFileReference; lastKnownFileType = "compiled.mach-o.dylib"; name = libz.dylib; path = usr/lib/libz.dylib; sourceTree = SDKROOT; };
		7EAAE4581B2F3C8900814E77 /* libsqlite3.dylib */ = {isa = PBXFileReference; lastKnownFileType = "compiled.mach-o.dylib"; name = libsqlite3.dylib; path = usr/lib/libsqlite3.dylib; sourceTree = SDKROOT; };
		7EAAE45A1B2F4F2200814E77 /* Bolts.framework */ = {isa = PBXFileReference; lastKnownFileType = wrapper.framework; path = Bolts.framework; sourceTree = "<group>"; };
		7EAAE45B1B2F4F2200814E77 /* Parse.framework */ = {isa = PBXFileReference; lastKnownFileType = wrapper.framework; path = Parse.framework; sourceTree = "<group>"; };
		7EAAE45C1B2F4F2200814E77 /* ParseCrashReporting.framework */ = {isa = PBXFileReference; lastKnownFileType = wrapper.framework; path = ParseCrashReporting.framework; sourceTree = "<group>"; };
		7EAAE45F1B2F4F2200814E77 /* ParseUI.framework */ = {isa = PBXFileReference; lastKnownFileType = wrapper.framework; path = ParseUI.framework; sourceTree = "<group>"; };
		7EAAE4781B2F646C00814E77 /* LoginViewController.h */ = {isa = PBXFileReference; fileEncoding = 4; lastKnownFileType = sourcecode.c.h; path = LoginViewController.h; sourceTree = "<group>"; };
		7EAAE4791B2F646C00814E77 /* LoginViewController.m */ = {isa = PBXFileReference; fileEncoding = 4; lastKnownFileType = sourcecode.c.objc; path = LoginViewController.m; sourceTree = "<group>"; };
		7EC5320A1B31BED200CF94BF /* SignupViewController.m */ = {isa = PBXFileReference; fileEncoding = 4; lastKnownFileType = sourcecode.c.objc; path = SignupViewController.m; sourceTree = "<group>"; };
		7EC5320C1B31BEE800CF94BF /* SessionViewController.h */ = {isa = PBXFileReference; fileEncoding = 4; lastKnownFileType = sourcecode.c.h; path = SessionViewController.h; sourceTree = "<group>"; };
		7EC5320D1B31BEE800CF94BF /* SessionViewController.m */ = {isa = PBXFileReference; fileEncoding = 4; lastKnownFileType = sourcecode.c.objc; path = SessionViewController.m; sourceTree = "<group>"; };
		7EC5320F1B31BFF000CF94BF /* Onboarding.storyboard */ = {isa = PBXFileReference; fileEncoding = 4; lastKnownFileType = file.storyboard; path = Onboarding.storyboard; sourceTree = "<group>"; };
		7EC532111B31D64D00CF94BF /* UsernameViewController.h */ = {isa = PBXFileReference; fileEncoding = 4; lastKnownFileType = sourcecode.c.h; path = UsernameViewController.h; sourceTree = "<group>"; };
		7EC532121B31D64D00CF94BF /* UsernameViewController.m */ = {isa = PBXFileReference; fileEncoding = 4; lastKnownFileType = sourcecode.c.objc; path = UsernameViewController.m; sourceTree = "<group>"; };
		991AA1301B324AA2004F2B2C /* FoursquareAPI.h */ = {isa = PBXFileReference; fileEncoding = 4; lastKnownFileType = sourcecode.c.h; path = FoursquareAPI.h; sourceTree = "<group>"; };
		991AA1311B324AA2004F2B2C /* FoursquareAPI.m */ = {isa = PBXFileReference; fileEncoding = 4; lastKnownFileType = sourcecode.c.objc; path = FoursquareAPI.m; sourceTree = "<group>"; };
		991CE4C11B39B4B6004E6E05 /* TabBarController.h */ = {isa = PBXFileReference; fileEncoding = 4; lastKnownFileType = sourcecode.c.h; path = TabBarController.h; sourceTree = "<group>"; };
		991CE4C21B39B4B6004E6E05 /* TabBarController.m */ = {isa = PBXFileReference; fileEncoding = 4; lastKnownFileType = sourcecode.c.objc; path = TabBarController.m; sourceTree = "<group>"; };
		991CE4C41B39BADE004E6E05 /* ProfileSettingViewController.h */ = {isa = PBXFileReference; fileEncoding = 4; lastKnownFileType = sourcecode.c.h; path = ProfileSettingViewController.h; sourceTree = "<group>"; };
		991CE4C51B39BADE004E6E05 /* ProfileSettingViewController.m */ = {isa = PBXFileReference; fileEncoding = 4; lastKnownFileType = sourcecode.c.objc; path = ProfileSettingViewController.m; sourceTree = "<group>"; };
		99349E421B31CC95001C47F7 /* DetailViewController.h */ = {isa = PBXFileReference; fileEncoding = 4; lastKnownFileType = sourcecode.c.h; path = DetailViewController.h; sourceTree = "<group>"; };
		99349E431B31CC95001C47F7 /* DetailViewController.m */ = {isa = PBXFileReference; fileEncoding = 4; lastKnownFileType = sourcecode.c.objc; path = DetailViewController.m; sourceTree = "<group>"; };
		9944F6641B34812E002C7650 /* CommentViewController.h */ = {isa = PBXFileReference; fileEncoding = 4; lastKnownFileType = sourcecode.c.h; path = CommentViewController.h; sourceTree = "<group>"; };
		9944F6651B34812E002C7650 /* CommentViewController.m */ = {isa = PBXFileReference; fileEncoding = 4; lastKnownFileType = sourcecode.c.objc; path = CommentViewController.m; sourceTree = "<group>"; };
		996D51E61B334A6F002304E5 /* SelectLocationViewController.h */ = {isa = PBXFileReference; fileEncoding = 4; lastKnownFileType = sourcecode.c.h; path = SelectLocationViewController.h; sourceTree = "<group>"; };
		996D51E71B334A6F002304E5 /* SelectLocationViewController.m */ = {isa = PBXFileReference; fileEncoding = 4; lastKnownFileType = sourcecode.c.objc; path = SelectLocationViewController.m; sourceTree = "<group>"; };
		99894F7C1B2FB64E00367E67 /* Object.h */ = {isa = PBXFileReference; fileEncoding = 4; lastKnownFileType = sourcecode.c.h; path = Object.h; sourceTree = "<group>"; };
		99894F7D1B2FB64E00367E67 /* Object.m */ = {isa = PBXFileReference; fileEncoding = 4; lastKnownFileType = sourcecode.c.objc; path = Object.m; sourceTree = "<group>"; };
		99894F811B2FBF1700367E67 /* CameraViewController.h */ = {isa = PBXFileReference; fileEncoding = 4; lastKnownFileType = sourcecode.c.h; path = CameraViewController.h; sourceTree = "<group>"; };
		99894F821B2FBF1700367E67 /* CameraViewController.m */ = {isa = PBXFileReference; fileEncoding = 4; lastKnownFileType = sourcecode.c.objc; path = CameraViewController.m; sourceTree = "<group>"; };
		999B3A891B2F323C002BC1D6 /* PrimaryView.storyboard */ = {isa = PBXFileReference; fileEncoding = 4; lastKnownFileType = file.storyboard; path = PrimaryView.storyboard; sourceTree = "<group>"; };
		999B3A961B2F4D89002BC1D6 /* MapKit.framework */ = {isa = PBXFileReference; lastKnownFileType = wrapper.framework; name = MapKit.framework; path = System/Library/Frameworks/MapKit.framework; sourceTree = SDKROOT; };
		999B3A9A1B2F6C2E002BC1D6 /* Fabric.framework */ = {isa = PBXFileReference; lastKnownFileType = wrapper.framework; path = Fabric.framework; sourceTree = "<group>"; };
		999B3A9B1B2F6C2E002BC1D6 /* Crashlytics.framework */ = {isa = PBXFileReference; lastKnownFileType = wrapper.framework; path = Crashlytics.framework; sourceTree = "<group>"; };
		999CF76A1B2D19A5006A0324 /* TheWalls.app */ = {isa = PBXFileReference; explicitFileType = wrapper.application; includeInIndex = 0; path = TheWalls.app; sourceTree = BUILT_PRODUCTS_DIR; };
		999CF76E1B2D19A5006A0324 /* Info.plist */ = {isa = PBXFileReference; lastKnownFileType = text.plist.xml; path = Info.plist; sourceTree = "<group>"; };
		999CF76F1B2D19A5006A0324 /* main.m */ = {isa = PBXFileReference; lastKnownFileType = sourcecode.c.objc; path = main.m; sourceTree = "<group>"; };
		999CF7711B2D19A5006A0324 /* AppDelegate.h */ = {isa = PBXFileReference; lastKnownFileType = sourcecode.c.h; path = AppDelegate.h; sourceTree = "<group>"; };
		999CF7721B2D19A5006A0324 /* AppDelegate.m */ = {isa = PBXFileReference; lastKnownFileType = sourcecode.c.objc; path = AppDelegate.m; sourceTree = "<group>"; };
		999CF7751B2D19A5006A0324 /* TheWalls.xcdatamodel */ = {isa = PBXFileReference; lastKnownFileType = wrapper.xcdatamodel; path = TheWalls.xcdatamodel; sourceTree = "<group>"; };
		999CF7771B2D19A5006A0324 /* RootViewController.h */ = {isa = PBXFileReference; lastKnownFileType = sourcecode.c.h; path = RootViewController.h; sourceTree = "<group>"; };
		999CF7781B2D19A5006A0324 /* RootViewController.m */ = {isa = PBXFileReference; lastKnownFileType = sourcecode.c.objc; path = RootViewController.m; sourceTree = "<group>"; };
		999CF77D1B2D19A5006A0324 /* Images.xcassets */ = {isa = PBXFileReference; lastKnownFileType = folder.assetcatalog; path = Images.xcassets; sourceTree = "<group>"; };
		999CF7801B2D19A5006A0324 /* Base */ = {isa = PBXFileReference; lastKnownFileType = file.xib; name = Base; path = Base.lproj/LaunchScreen.xib; sourceTree = "<group>"; };
		999CF7861B2D19A5006A0324 /* TheWallsTests.xctest */ = {isa = PBXFileReference; explicitFileType = wrapper.cfbundle; includeInIndex = 0; path = TheWallsTests.xctest; sourceTree = BUILT_PRODUCTS_DIR; };
		999CF78B1B2D19A5006A0324 /* Info.plist */ = {isa = PBXFileReference; lastKnownFileType = text.plist.xml; path = Info.plist; sourceTree = "<group>"; };
		999CF78C1B2D19A5006A0324 /* TheWallsTests.m */ = {isa = PBXFileReference; lastKnownFileType = sourcecode.c.objc; path = TheWallsTests.m; sourceTree = "<group>"; };
		999CF7981B2D2AAC006A0324 /* UIColor+CustomColors.h */ = {isa = PBXFileReference; fileEncoding = 4; lastKnownFileType = sourcecode.c.h; path = "UIColor+CustomColors.h"; sourceTree = "<group>"; };
		999CF7991B2D2AAC006A0324 /* UIColor+CustomColors.m */ = {isa = PBXFileReference; fileEncoding = 4; lastKnownFileType = sourcecode.c.objc; path = "UIColor+CustomColors.m"; sourceTree = "<group>"; };
		999CF79E1B2E05AB006A0324 /* SplashViewController.h */ = {isa = PBXFileReference; fileEncoding = 4; lastKnownFileType = sourcecode.c.h; path = SplashViewController.h; sourceTree = "<group>"; };
		999CF79F1B2E05AB006A0324 /* SplashViewController.m */ = {isa = PBXFileReference; fileEncoding = 4; lastKnownFileType = sourcecode.c.objc; path = SplashViewController.m; sourceTree = "<group>"; };
		99B95AD21B3866B700F82A97 /* Brandon Grotesque Black Italic.ttf */ = {isa = PBXFileReference; lastKnownFileType = file; path = "Brandon Grotesque Black Italic.ttf"; sourceTree = "<group>"; };
		99B95AD31B3866B700F82A97 /* Brandon Grotesque Black.ttf */ = {isa = PBXFileReference; lastKnownFileType = file; path = "Brandon Grotesque Black.ttf"; sourceTree = "<group>"; };
		99B95AD41B3866B700F82A97 /* Brandon Grotesque Bold Italic.ttf */ = {isa = PBXFileReference; lastKnownFileType = file; path = "Brandon Grotesque Bold Italic.ttf"; sourceTree = "<group>"; };
		99B95AD51B3866B700F82A97 /* Brandon Grotesque Bold.ttf */ = {isa = PBXFileReference; lastKnownFileType = file; path = "Brandon Grotesque Bold.ttf"; sourceTree = "<group>"; };
		99B95AD61B3866B700F82A97 /* Brandon Grotesque Italic.ttf */ = {isa = PBXFileReference; lastKnownFileType = file; path = "Brandon Grotesque Italic.ttf"; sourceTree = "<group>"; };
		99B95AD71B3866B700F82A97 /* Brandon Grotesque Light Italic.ttf */ = {isa = PBXFileReference; lastKnownFileType = file; path = "Brandon Grotesque Light Italic.ttf"; sourceTree = "<group>"; };
		99B95AD81B3866B700F82A97 /* Brandon Grotesque Light.ttf */ = {isa = PBXFileReference; lastKnownFileType = file; path = "Brandon Grotesque Light.ttf"; sourceTree = "<group>"; };
		99B95AD91B3866B700F82A97 /* Brandon Grotesque Medium Italic.ttf */ = {isa = PBXFileReference; lastKnownFileType = file; path = "Brandon Grotesque Medium Italic.ttf"; sourceTree = "<group>"; };
		99B95ADA1B3866B700F82A97 /* Brandon Grotesque Medium.ttf */ = {isa = PBXFileReference; lastKnownFileType = file; path = "Brandon Grotesque Medium.ttf"; sourceTree = "<group>"; };
		99B95ADB1B3866B700F82A97 /* Brandon Grotesque Regular.ttf */ = {isa = PBXFileReference; lastKnownFileType = file; path = "Brandon Grotesque Regular.ttf"; sourceTree = "<group>"; };
		99B95ADC1B3866B700F82A97 /* Brandon Grotesque Thin Italic.ttf */ = {isa = PBXFileReference; lastKnownFileType = file; path = "Brandon Grotesque Thin Italic.ttf"; sourceTree = "<group>"; };
		99B95ADD1B3866B700F82A97 /* Brandon Grotesque Thin.ttf */ = {isa = PBXFileReference; lastKnownFileType = file; path = "Brandon Grotesque Thin.ttf"; sourceTree = "<group>"; };
/* End PBXFileReference section */

/* Begin PBXFrameworksBuildPhase section */
		999CF7671B2D19A5006A0324 /* Frameworks */ = {
			isa = PBXFrameworksBuildPhase;
			buildActionMask = 2147483647;
			files = (
				7EC5321A1B32032000CF94BF /* (null) in Frameworks */,
				7EC532181B32031700CF94BF /* (null) in Frameworks */,
				7EAAE4591B2F3C8900814E77 /* libsqlite3.dylib in Frameworks */,
				7EAAE4571B2F3C7900814E77 /* libz.dylib in Frameworks */,
				999B3A971B2F4D89002BC1D6 /* MapKit.framework in Frameworks */,
				999B3A9C1B2F6C2E002BC1D6 /* Fabric.framework in Frameworks */,
				7EAAE4551B2F3C6A00814E77 /* SystemConfiguration.framework in Frameworks */,
				7EAAE4601B2F4F2200814E77 /* Bolts.framework in Frameworks */,
				999B3A9D1B2F6C2E002BC1D6 /* Crashlytics.framework in Frameworks */,
				7EAAE4531B2F3C5E00814E77 /* StoreKit.framework in Frameworks */,
				7EAAE4621B2F4F2300814E77 /* ParseCrashReporting.framework in Frameworks */,
				7EAAE4511B2F3C5400814E77 /* Security.framework in Frameworks */,
				7EAAE4611B2F4F2300814E77 /* Parse.framework in Frameworks */,
				7EAAE4651B2F4F2300814E77 /* ParseUI.framework in Frameworks */,
				7EAAE44F1B2F3C4C00814E77 /* QuartzCore.framework in Frameworks */,
				7EAAE44D1B2F3C4100814E77 /* MobileCoreServices.framework in Frameworks */,
				7EAAE44B1B2F3C3500814E77 /* CoreLocation.framework in Frameworks */,
				7EAAE4491B2F3C2A00814E77 /* CoreGraphics.framework in Frameworks */,
				7EAAE4471B2F3C1E00814E77 /* CFNetwork.framework in Frameworks */,
				7EAAE4451B2F3C1500814E77 /* AudioToolbox.framework in Frameworks */,
			);
			runOnlyForDeploymentPostprocessing = 0;
		};
		999CF7831B2D19A5006A0324 /* Frameworks */ = {
			isa = PBXFrameworksBuildPhase;
			buildActionMask = 2147483647;
			files = (
			);
			runOnlyForDeploymentPostprocessing = 0;
		};
/* End PBXFrameworksBuildPhase section */

/* Begin PBXGroup section */
		662382331B34776400C5EB6D /* ChatViewController */ = {
			isa = PBXGroup;
			children = (
				662382301B34775700C5EB6D /* ChatViewController.h */,
				662382311B34775700C5EB6D /* ChatViewController.m */,
			);
			name = ChatViewController;
			sourceTree = "<group>";
		};
		66D69A3C1B38F6C3009625A9 /* ActivityFeedViewController */ = {
			isa = PBXGroup;
			children = (
				66D69A391B38F3C7009625A9 /* ActivityFeedViewController.h */,
				66D69A3A1B38F3C7009625A9 /* ActivityFeedViewController.m */,
				66D69A3D1B38F6DC009625A9 /* ActivityCell.h */,
				66D69A3E1B38F6DC009625A9 /* ActivityCell.m */,
				66D69A401B38FE6F009625A9 /* CommentTableViewController.h */,
				66D69A411B38FE6F009625A9 /* CommentTableViewController.m */,
				66D69A461B38FF73009625A9 /* SelectedSplatViewController.h */,
				66D69A471B38FF73009625A9 /* SelectedSplatViewController.m */,
			);
			name = ActivityFeedViewController;
			sourceTree = "<group>";
		};
		7E5905811B385BA20068BFE4 /* Feed */ = {
			isa = PBXGroup;
			children = (
				7E59057C1B3857230068BFE4 /* Feed.storyboard */,
				7E59057E1B385B8C0068BFE4 /* FeedViewController.h */,
				7E59057F1B385B8D0068BFE4 /* FeedViewController.m */,
				7E5905C31B38F76D0068BFE4 /* SplatTableViewCell.h */,
				7E5905C41B38F76D0068BFE4 /* SplatTableViewCell.m */,
			);
			name = Feed;
			sourceTree = "<group>";
		};
		7EAAE4771B2F5BCD00814E77 /* Parse */ = {
			isa = PBXGroup;
			children = (
				7EAAE45B1B2F4F2200814E77 /* Parse.framework */,
				7EAAE45C1B2F4F2200814E77 /* ParseCrashReporting.framework */,
				7EAAE45F1B2F4F2200814E77 /* ParseUI.framework */,
			);
			name = Parse;
			sourceTree = "<group>";
		};
		991AA1331B324AA8004F2B2C /* Foursquare */ = {
			isa = PBXGroup;
			children = (
				991AA1301B324AA2004F2B2C /* FoursquareAPI.h */,
				991AA1311B324AA2004F2B2C /* FoursquareAPI.m */,
			);
			name = Foursquare;
			sourceTree = "<group>";
		};
		991CE4C01B39B44B004E6E05 /* TabBar */ = {
			isa = PBXGroup;
			children = (
				991CE4C11B39B4B6004E6E05 /* TabBarController.h */,
				991CE4C21B39B4B6004E6E05 /* TabBarController.m */,
			);
			name = TabBar;
			sourceTree = "<group>";
		};
		991CE4C71B39BAE5004E6E05 /* ProfileSettingsViewController */ = {
			isa = PBXGroup;
			children = (
				991CE4C41B39BADE004E6E05 /* ProfileSettingViewController.h */,
				991CE4C51B39BADE004E6E05 /* ProfileSettingViewController.m */,
			);
			name = ProfileSettingsViewController;
			sourceTree = "<group>";
		};
		99349E451B31CC9B001C47F7 /* DetailViewController */ = {
			isa = PBXGroup;
			children = (
				9944F6641B34812E002C7650 /* CommentViewController.h */,
				9944F6651B34812E002C7650 /* CommentViewController.m */,
				99349E421B31CC95001C47F7 /* DetailViewController.h */,
				99349E431B31CC95001C47F7 /* DetailViewController.m */,
			);
			name = DetailViewController;
			sourceTree = "<group>";
		};
		995E47771B30B5E6008A17FC /* Splat */ = {
			isa = PBXGroup;
			children = (
				99894F7C1B2FB64E00367E67 /* Object.h */,
				99894F7D1B2FB64E00367E67 /* Object.m */,
				662382291B33643F00C5EB6D /* CustomPointAnnotation.h */,
				6623822A1B33643F00C5EB6D /* CustomPointAnnotation.m */,
				662382341B34826600C5EB6D /* Activity.h */,
				662382351B34826600C5EB6D /* Activity.m */,
			);
			name = Splat;
			sourceTree = "<group>";
		};
		996D51E91B334A7B002304E5 /* SelectLocation */ = {
			isa = PBXGroup;
			children = (
				996D51E61B334A6F002304E5 /* SelectLocationViewController.h */,
				996D51E71B334A6F002304E5 /* SelectLocationViewController.m */,
			);
			name = SelectLocation;
			sourceTree = "<group>";
		};
		99894F801B2FB72400367E67 /* Models */ = {
			isa = PBXGroup;
			children = (
				991AA1331B324AA8004F2B2C /* Foursquare */,
				995E47771B30B5E6008A17FC /* Splat */,
				999CF7A11B2E05B6006A0324 /* Custom Colors */,
			);
			name = Models;
			sourceTree = "<group>";
		};
		99894F841B2FBF2000367E67 /* CameraViewController */ = {
			isa = PBXGroup;
			children = (
				99894F811B2FBF1700367E67 /* CameraViewController.h */,
				99894F821B2FBF1700367E67 /* CameraViewController.m */,
			);
			name = CameraViewController;
			sourceTree = "<group>";
		};
		999B3A861B2F31D8002BC1D6 /* SplashViewController */ = {
			isa = PBXGroup;
			children = (
				999CF79E1B2E05AB006A0324 /* SplashViewController.h */,
				999CF79F1B2E05AB006A0324 /* SplashViewController.m */,
			);
			name = SplashViewController;
			sourceTree = "<group>";
		};
		999B3A871B2F31EF002BC1D6 /* AppDelegate */ = {
			isa = PBXGroup;
			children = (
				999CF7711B2D19A5006A0324 /* AppDelegate.h */,
				999CF7721B2D19A5006A0324 /* AppDelegate.m */,
			);
			name = AppDelegate;
			sourceTree = "<group>";
		};
		999B3A881B2F3211002BC1D6 /* Onboarding */ = {
			isa = PBXGroup;
			children = (
				7EC5320F1B31BFF000CF94BF /* Onboarding.storyboard */,
				7EAAE4781B2F646C00814E77 /* LoginViewController.h */,
				7EAAE4791B2F646C00814E77 /* LoginViewController.m */,
				6623822F1B34711900C5EB6D /* SignupViewController.h */,
				7EC5320A1B31BED200CF94BF /* SignupViewController.m */,
				7EC5320C1B31BEE800CF94BF /* SessionViewController.h */,
				7EC5320D1B31BEE800CF94BF /* SessionViewController.m */,
				7EC532111B31D64D00CF94BF /* UsernameViewController.h */,
				7EC532121B31D64D00CF94BF /* UsernameViewController.m */,
				999B3A861B2F31D8002BC1D6 /* SplashViewController */,
			);
			name = Onboarding;
			sourceTree = "<group>";
		};
		999B3A8B1B2F3252002BC1D6 /* Primary */ = {
			isa = PBXGroup;
			children = (
				999B3A891B2F323C002BC1D6 /* PrimaryView.storyboard */,
				662382331B34776400C5EB6D /* ChatViewController */,
				66D69A3C1B38F6C3009625A9 /* ActivityFeedViewController */,
				99349E451B31CC9B001C47F7 /* DetailViewController */,
				996D51E91B334A7B002304E5 /* SelectLocation */,
				991CE4C01B39B44B004E6E05 /* TabBar */,
				7E5905811B385BA20068BFE4 /* Feed */,
				999CF7A21B2E05C0006A0324 /* RootViewController */,
				99894F841B2FBF2000367E67 /* CameraViewController */,
				991CE4C71B39BAE5004E6E05 /* ProfileSettingsViewController */,
			);
			name = Primary;
			sourceTree = "<group>";
		};
		999B3A981B2F5E37002BC1D6 /* Frameworks */ = {
			isa = PBXGroup;
			children = (
				7EAAE4581B2F3C8900814E77 /* libsqlite3.dylib */,
				7EAAE4561B2F3C7900814E77 /* libz.dylib */,
				999B3A9A1B2F6C2E002BC1D6 /* Fabric.framework */,
				999B3A9B1B2F6C2E002BC1D6 /* Crashlytics.framework */,
				7EAAE4771B2F5BCD00814E77 /* Parse */,
				999B3A961B2F4D89002BC1D6 /* MapKit.framework */,
				7EAAE4541B2F3C6A00814E77 /* SystemConfiguration.framework */,
				7EAAE4521B2F3C5E00814E77 /* StoreKit.framework */,
				7EAAE4501B2F3C5400814E77 /* Security.framework */,
				7EAAE44E1B2F3C4C00814E77 /* QuartzCore.framework */,
				7EAAE44C1B2F3C4100814E77 /* MobileCoreServices.framework */,
				7EAAE44A1B2F3C3500814E77 /* CoreLocation.framework */,
				7EAAE4481B2F3C2A00814E77 /* CoreGraphics.framework */,
				7EAAE4461B2F3C1E00814E77 /* CFNetwork.framework */,
				7EAAE4441B2F3C1500814E77 /* AudioToolbox.framework */,
				7EAAE45A1B2F4F2200814E77 /* Bolts.framework */,
			);
			name = Frameworks;
			sourceTree = "<group>";
		};
		999CF7611B2D19A5006A0324 = {
			isa = PBXGroup;
			children = (
				999B3A981B2F5E37002BC1D6 /* Frameworks */,
				999CF76C1B2D19A5006A0324 /* TheWalls */,
				999CF7891B2D19A5006A0324 /* TheWallsTests */,
				999CF76B1B2D19A5006A0324 /* Products */,
			);
			sourceTree = "<group>";
		};
		999CF76B1B2D19A5006A0324 /* Products */ = {
			isa = PBXGroup;
			children = (
				999CF76A1B2D19A5006A0324 /* TheWalls.app */,
				999CF7861B2D19A5006A0324 /* TheWallsTests.xctest */,
			);
			name = Products;
			sourceTree = "<group>";
		};
		999CF76C1B2D19A5006A0324 /* TheWalls */ = {
			isa = PBXGroup;
			children = (
				99894F801B2FB72400367E67 /* Models */,
				999B3A871B2F31EF002BC1D6 /* AppDelegate */,
				999B3A881B2F3211002BC1D6 /* Onboarding */,
				999B3A8B1B2F3252002BC1D6 /* Primary */,
				999CF77D1B2D19A5006A0324 /* Images.xcassets */,
				999CF77F1B2D19A5006A0324 /* LaunchScreen.xib */,
				999CF7741B2D19A5006A0324 /* TheWalls.xcdatamodeld */,
				999CF76D1B2D19A5006A0324 /* Supporting Files */,
			);
			path = TheWalls;
			sourceTree = "<group>";
		};
		999CF76D1B2D19A5006A0324 /* Supporting Files */ = {
			isa = PBXGroup;
			children = (
				99B95AD11B3866B700F82A97 /* Brandon Grotesque */,
				999CF76E1B2D19A5006A0324 /* Info.plist */,
				999CF76F1B2D19A5006A0324 /* main.m */,
			);
			name = "Supporting Files";
			sourceTree = "<group>";
		};
		999CF7891B2D19A5006A0324 /* TheWallsTests */ = {
			isa = PBXGroup;
			children = (
				999CF78C1B2D19A5006A0324 /* TheWallsTests.m */,
				999CF78A1B2D19A5006A0324 /* Supporting Files */,
			);
			path = TheWallsTests;
			sourceTree = "<group>";
		};
		999CF78A1B2D19A5006A0324 /* Supporting Files */ = {
			isa = PBXGroup;
			children = (
				999CF78B1B2D19A5006A0324 /* Info.plist */,
			);
			name = "Supporting Files";
			sourceTree = "<group>";
		};
		999CF7A11B2E05B6006A0324 /* Custom Colors */ = {
			isa = PBXGroup;
			children = (
				999CF7981B2D2AAC006A0324 /* UIColor+CustomColors.h */,
				999CF7991B2D2AAC006A0324 /* UIColor+CustomColors.m */,
			);
			name = "Custom Colors";
			sourceTree = "<group>";
		};
		999CF7A21B2E05C0006A0324 /* RootViewController */ = {
			isa = PBXGroup;
			children = (
				999CF7771B2D19A5006A0324 /* RootViewController.h */,
				999CF7781B2D19A5006A0324 /* RootViewController.m */,
			);
			name = RootViewController;
			sourceTree = "<group>";
		};
		99B95AD11B3866B700F82A97 /* Brandon Grotesque */ = {
			isa = PBXGroup;
			children = (
				99B95AD21B3866B700F82A97 /* Brandon Grotesque Black Italic.ttf */,
				99B95AD31B3866B700F82A97 /* Brandon Grotesque Black.ttf */,
				99B95AD41B3866B700F82A97 /* Brandon Grotesque Bold Italic.ttf */,
				99B95AD51B3866B700F82A97 /* Brandon Grotesque Bold.ttf */,
				99B95AD61B3866B700F82A97 /* Brandon Grotesque Italic.ttf */,
				99B95AD71B3866B700F82A97 /* Brandon Grotesque Light Italic.ttf */,
				99B95AD81B3866B700F82A97 /* Brandon Grotesque Light.ttf */,
				99B95AD91B3866B700F82A97 /* Brandon Grotesque Medium Italic.ttf */,
				99B95ADA1B3866B700F82A97 /* Brandon Grotesque Medium.ttf */,
				99B95ADB1B3866B700F82A97 /* Brandon Grotesque Regular.ttf */,
				99B95ADC1B3866B700F82A97 /* Brandon Grotesque Thin Italic.ttf */,
				99B95ADD1B3866B700F82A97 /* Brandon Grotesque Thin.ttf */,
			);
			path = "Brandon Grotesque";
			sourceTree = "<group>";
		};
/* End PBXGroup section */

/* Begin PBXNativeTarget section */
		999CF7691B2D19A5006A0324 /* TheWalls */ = {
			isa = PBXNativeTarget;
			buildConfigurationList = 999CF7901B2D19A5006A0324 /* Build configuration list for PBXNativeTarget "TheWalls" */;
			buildPhases = (
				999CF7661B2D19A5006A0324 /* Sources */,
				999CF7671B2D19A5006A0324 /* Frameworks */,
				999CF7681B2D19A5006A0324 /* Resources */,
				999B3A991B2F6BFF002BC1D6 /* ShellScript */,
			);
			buildRules = (
			);
			dependencies = (
			);
			name = TheWalls;
			productName = TheWalls;
			productReference = 999CF76A1B2D19A5006A0324 /* TheWalls.app */;
			productType = "com.apple.product-type.application";
		};
		999CF7851B2D19A5006A0324 /* TheWallsTests */ = {
			isa = PBXNativeTarget;
			buildConfigurationList = 999CF7931B2D19A5006A0324 /* Build configuration list for PBXNativeTarget "TheWallsTests" */;
			buildPhases = (
				999CF7821B2D19A5006A0324 /* Sources */,
				999CF7831B2D19A5006A0324 /* Frameworks */,
				999CF7841B2D19A5006A0324 /* Resources */,
			);
			buildRules = (
			);
			dependencies = (
				999CF7881B2D19A5006A0324 /* PBXTargetDependency */,
			);
			name = TheWallsTests;
			productName = TheWallsTests;
			productReference = 999CF7861B2D19A5006A0324 /* TheWallsTests.xctest */;
			productType = "com.apple.product-type.bundle.unit-test";
		};
/* End PBXNativeTarget section */

/* Begin PBXProject section */
		999CF7621B2D19A5006A0324 /* Project object */ = {
			isa = PBXProject;
			attributes = {
				LastUpgradeCheck = 0630;
				ORGANIZATIONNAME = "machine^n";
				TargetAttributes = {
					999CF7691B2D19A5006A0324 = {
						CreatedOnToolsVersion = 6.3.1;
						DevelopmentTeam = YV35DK49MJ;
					};
					999CF7851B2D19A5006A0324 = {
						CreatedOnToolsVersion = 6.3.1;
						TestTargetID = 999CF7691B2D19A5006A0324;
					};
				};
			};
			buildConfigurationList = 999CF7651B2D19A5006A0324 /* Build configuration list for PBXProject "TheWalls" */;
			compatibilityVersion = "Xcode 3.2";
			developmentRegion = English;
			hasScannedForEncodings = 0;
			knownRegions = (
				en,
				Base,
			);
			mainGroup = 999CF7611B2D19A5006A0324;
			productRefGroup = 999CF76B1B2D19A5006A0324 /* Products */;
			projectDirPath = "";
			projectRoot = "";
			targets = (
				999CF7691B2D19A5006A0324 /* TheWalls */,
				999CF7851B2D19A5006A0324 /* TheWallsTests */,
			);
		};
/* End PBXProject section */

/* Begin PBXResourcesBuildPhase section */
		999CF7681B2D19A5006A0324 /* Resources */ = {
			isa = PBXResourcesBuildPhase;
			buildActionMask = 2147483647;
			files = (
				7E59057D1B3857230068BFE4 /* Feed.storyboard in Resources */,
				999B3A8A1B2F323C002BC1D6 /* PrimaryView.storyboard in Resources */,
				99B95AE71B3866B700F82A97 /* Brandon Grotesque Medium.ttf in Resources */,
				99B95ADF1B3866B700F82A97 /* Brandon Grotesque Black Italic.ttf in Resources */,
				99B95AE21B3866B700F82A97 /* Brandon Grotesque Bold.ttf in Resources */,
				99B95AE41B3866B700F82A97 /* Brandon Grotesque Light Italic.ttf in Resources */,
				99B95AE91B3866B700F82A97 /* Brandon Grotesque Thin Italic.ttf in Resources */,
				99B95AE31B3866B700F82A97 /* Brandon Grotesque Italic.ttf in Resources */,
				99B95AE61B3866B700F82A97 /* Brandon Grotesque Medium Italic.ttf in Resources */,
				7EC532101B31BFF000CF94BF /* Onboarding.storyboard in Resources */,
				999CF7811B2D19A5006A0324 /* LaunchScreen.xib in Resources */,
				99B95AE51B3866B700F82A97 /* Brandon Grotesque Light.ttf in Resources */,
				99B95AE81B3866B700F82A97 /* Brandon Grotesque Regular.ttf in Resources */,
				99B95AEA1B3866B700F82A97 /* Brandon Grotesque Thin.ttf in Resources */,
				999CF77E1B2D19A5006A0324 /* Images.xcassets in Resources */,
				99B95AE01B3866B700F82A97 /* Brandon Grotesque Black.ttf in Resources */,
				99B95AE11B3866B700F82A97 /* Brandon Grotesque Bold Italic.ttf in Resources */,
			);
			runOnlyForDeploymentPostprocessing = 0;
		};
		999CF7841B2D19A5006A0324 /* Resources */ = {
			isa = PBXResourcesBuildPhase;
			buildActionMask = 2147483647;
			files = (
			);
			runOnlyForDeploymentPostprocessing = 0;
		};
/* End PBXResourcesBuildPhase section */

/* Begin PBXShellScriptBuildPhase section */
		999B3A991B2F6BFF002BC1D6 /* ShellScript */ = {
			isa = PBXShellScriptBuildPhase;
			buildActionMask = 2147483647;
			files = (
			);
			inputPaths = (
			);
			outputPaths = (
			);
			runOnlyForDeploymentPostprocessing = 0;
			shellPath = /bin/sh;
			shellScript = "./Fabric.framework/run a160530d149b318e6fe3b34e823398daf99192e5 80be5f908fb97d15dd768902dc6b7d0e11e6796fdc1a62bcba9750d4df566135";
		};
/* End PBXShellScriptBuildPhase section */

/* Begin PBXSourcesBuildPhase section */
		999CF7661B2D19A5006A0324 /* Sources */ = {
			isa = PBXSourcesBuildPhase;
			buildActionMask = 2147483647;
			files = (
				7EAAE47A1B2F646C00814E77 /* LoginViewController.m in Sources */,
				991AA1321B324AA2004F2B2C /* FoursquareAPI.m in Sources */,
				999CF7761B2D19A5006A0324 /* TheWalls.xcdatamodeld in Sources */,
				991CE4C31B39B4B6004E6E05 /* TabBarController.m in Sources */,
				7EC5321D1B32322B00CF94BF /* (null) in Sources */,
				662382321B34775700C5EB6D /* ChatViewController.m in Sources */,
				999CF7731B2D19A5006A0324 /* AppDelegate.m in Sources */,
				999CF79A1B2D2AAC006A0324 /* UIColor+CustomColors.m in Sources */,
				9944F6661B34812E002C7650 /* CommentViewController.m in Sources */,
				7EC5320B1B31BED200CF94BF /* SignupViewController.m in Sources */,
				99894F831B2FBF1700367E67 /* CameraViewController.m in Sources */,
				996D51E81B334A6F002304E5 /* SelectLocationViewController.m in Sources */,
				66D69A3B1B38F3C7009625A9 /* ActivityFeedViewController.m in Sources */,
				662382361B34826600C5EB6D /* Activity.m in Sources */,
				7EC532131B31D64D00CF94BF /* UsernameViewController.m in Sources */,
				991CE4C61B39BADE004E6E05 /* ProfileSettingViewController.m in Sources */,
				66D69A3F1B38F6DC009625A9 /* ActivityCell.m in Sources */,
				7E5905C51B38F76E0068BFE4 /* SplatTableViewCell.m in Sources */,
				999CF7791B2D19A5006A0324 /* RootViewController.m in Sources */,
				66D69A481B38FF73009625A9 /* SelectedSplatViewController.m in Sources */,
				999CF7701B2D19A5006A0324 /* main.m in Sources */,
				99894F7E1B2FB64E00367E67 /* Object.m in Sources */,
				7EC5320E1B31BEE800CF94BF /* SessionViewController.m in Sources */,
				7E5905801B385B8D0068BFE4 /* FeedViewController.m in Sources */,
				6623822B1B33643F00C5EB6D /* CustomPointAnnotation.m in Sources */,
				999CF7A01B2E05AB006A0324 /* SplashViewController.m in Sources */,
				99349E441B31CC95001C47F7 /* DetailViewController.m in Sources */,
				66D69A421B38FE6F009625A9 /* CommentTableViewController.m in Sources */,
			);
			runOnlyForDeploymentPostprocessing = 0;
		};
		999CF7821B2D19A5006A0324 /* Sources */ = {
			isa = PBXSourcesBuildPhase;
			buildActionMask = 2147483647;
			files = (
				999CF78D1B2D19A5006A0324 /* TheWallsTests.m in Sources */,
			);
			runOnlyForDeploymentPostprocessing = 0;
		};
/* End PBXSourcesBuildPhase section */

/* Begin PBXTargetDependency section */
		999CF7881B2D19A5006A0324 /* PBXTargetDependency */ = {
			isa = PBXTargetDependency;
			target = 999CF7691B2D19A5006A0324 /* TheWalls */;
			targetProxy = 999CF7871B2D19A5006A0324 /* PBXContainerItemProxy */;
		};
/* End PBXTargetDependency section */

/* Begin PBXVariantGroup section */
		999CF77F1B2D19A5006A0324 /* LaunchScreen.xib */ = {
			isa = PBXVariantGroup;
			children = (
				999CF7801B2D19A5006A0324 /* Base */,
			);
			name = LaunchScreen.xib;
			sourceTree = "<group>";
		};
/* End PBXVariantGroup section */

/* Begin XCBuildConfiguration section */
		999CF78E1B2D19A5006A0324 /* Debug */ = {
			isa = XCBuildConfiguration;
			buildSettings = {
				ALWAYS_SEARCH_USER_PATHS = NO;
				CLANG_CXX_LANGUAGE_STANDARD = "gnu++0x";
				CLANG_CXX_LIBRARY = "libc++";
				CLANG_ENABLE_MODULES = YES;
				CLANG_ENABLE_OBJC_ARC = YES;
				CLANG_WARN_BOOL_CONVERSION = YES;
				CLANG_WARN_CONSTANT_CONVERSION = YES;
				CLANG_WARN_DIRECT_OBJC_ISA_USAGE = YES_ERROR;
				CLANG_WARN_EMPTY_BODY = YES;
				CLANG_WARN_ENUM_CONVERSION = YES;
				CLANG_WARN_INT_CONVERSION = YES;
				CLANG_WARN_OBJC_ROOT_CLASS = YES_ERROR;
				CLANG_WARN_UNREACHABLE_CODE = YES;
				CLANG_WARN__DUPLICATE_METHOD_MATCH = YES;
				"CODE_SIGN_IDENTITY[sdk=iphoneos*]" = "iPhone Developer";
				COPY_PHASE_STRIP = NO;
				DEBUG_INFORMATION_FORMAT = "dwarf-with-dsym";
				ENABLE_STRICT_OBJC_MSGSEND = YES;
				GCC_C_LANGUAGE_STANDARD = gnu99;
				GCC_DYNAMIC_NO_PIC = NO;
				GCC_NO_COMMON_BLOCKS = YES;
				GCC_OPTIMIZATION_LEVEL = 0;
				GCC_PREPROCESSOR_DEFINITIONS = (
					"DEBUG=1",
					"$(inherited)",
				);
				GCC_SYMBOLS_PRIVATE_EXTERN = NO;
				GCC_WARN_64_TO_32_BIT_CONVERSION = YES;
				GCC_WARN_ABOUT_RETURN_TYPE = YES_ERROR;
				GCC_WARN_UNDECLARED_SELECTOR = YES;
				GCC_WARN_UNINITIALIZED_AUTOS = YES_AGGRESSIVE;
				GCC_WARN_UNUSED_FUNCTION = YES;
				GCC_WARN_UNUSED_VARIABLE = YES;
				IPHONEOS_DEPLOYMENT_TARGET = 8.3;
				MTL_ENABLE_DEBUG_INFO = YES;
				ONLY_ACTIVE_ARCH = YES;
				SDKROOT = iphoneos;
				TARGETED_DEVICE_FAMILY = "1,2";
			};
			name = Debug;
		};
		999CF78F1B2D19A5006A0324 /* Release */ = {
			isa = XCBuildConfiguration;
			buildSettings = {
				ALWAYS_SEARCH_USER_PATHS = NO;
				CLANG_CXX_LANGUAGE_STANDARD = "gnu++0x";
				CLANG_CXX_LIBRARY = "libc++";
				CLANG_ENABLE_MODULES = YES;
				CLANG_ENABLE_OBJC_ARC = YES;
				CLANG_WARN_BOOL_CONVERSION = YES;
				CLANG_WARN_CONSTANT_CONVERSION = YES;
				CLANG_WARN_DIRECT_OBJC_ISA_USAGE = YES_ERROR;
				CLANG_WARN_EMPTY_BODY = YES;
				CLANG_WARN_ENUM_CONVERSION = YES;
				CLANG_WARN_INT_CONVERSION = YES;
				CLANG_WARN_OBJC_ROOT_CLASS = YES_ERROR;
				CLANG_WARN_UNREACHABLE_CODE = YES;
				CLANG_WARN__DUPLICATE_METHOD_MATCH = YES;
				"CODE_SIGN_IDENTITY[sdk=iphoneos*]" = "iPhone Developer";
				COPY_PHASE_STRIP = NO;
				DEBUG_INFORMATION_FORMAT = "dwarf-with-dsym";
				ENABLE_NS_ASSERTIONS = NO;
				ENABLE_STRICT_OBJC_MSGSEND = YES;
				GCC_C_LANGUAGE_STANDARD = gnu99;
				GCC_NO_COMMON_BLOCKS = YES;
				GCC_WARN_64_TO_32_BIT_CONVERSION = YES;
				GCC_WARN_ABOUT_RETURN_TYPE = YES_ERROR;
				GCC_WARN_UNDECLARED_SELECTOR = YES;
				GCC_WARN_UNINITIALIZED_AUTOS = YES_AGGRESSIVE;
				GCC_WARN_UNUSED_FUNCTION = YES;
				GCC_WARN_UNUSED_VARIABLE = YES;
				IPHONEOS_DEPLOYMENT_TARGET = 8.3;
				MTL_ENABLE_DEBUG_INFO = NO;
				SDKROOT = iphoneos;
				TARGETED_DEVICE_FAMILY = "1,2";
				VALIDATE_PRODUCT = YES;
			};
			name = Release;
		};
		999CF7911B2D19A5006A0324 /* Debug */ = {
			isa = XCBuildConfiguration;
			buildSettings = {
				ASSETCATALOG_COMPILER_APPICON_NAME = AppIcon;
				CLANG_ENABLE_MODULES = YES;
				CODE_SIGN_IDENTITY = "iPhone Developer";
				"CODE_SIGN_IDENTITY[sdk=iphoneos*]" = "iPhone Developer";
				FRAMEWORK_SEARCH_PATHS = (
					"$(inherited)",
					"$(PROJECT_DIR)",
					/Users/bryonfinke/Documents/FacebookSDK,
				);
				INFOPLIST_FILE = TheWalls/Info.plist;
				LD_RUNPATH_SEARCH_PATHS = "$(inherited) @executable_path/Frameworks";
				PRODUCT_NAME = "$(TARGET_NAME)";
				PROVISIONING_PROFILE = "";
				SWIFT_OBJC_BRIDGING_HEADER = "TheWalls/TheWalls-Bridging-Header.h";
				SWIFT_OPTIMIZATION_LEVEL = "-Onone";
			};
			name = Debug;
		};
		999CF7921B2D19A5006A0324 /* Release */ = {
			isa = XCBuildConfiguration;
			buildSettings = {
				ASSETCATALOG_COMPILER_APPICON_NAME = AppIcon;
				CLANG_ENABLE_MODULES = YES;
				CODE_SIGN_IDENTITY = "iPhone Developer";
				"CODE_SIGN_IDENTITY[sdk=iphoneos*]" = "iPhone Developer";
				FRAMEWORK_SEARCH_PATHS = (
					"$(inherited)",
					"$(PROJECT_DIR)",
					/Users/bryonfinke/Documents/FacebookSDK,
				);
				INFOPLIST_FILE = TheWalls/Info.plist;
				LD_RUNPATH_SEARCH_PATHS = "$(inherited) @executable_path/Frameworks";
				PRODUCT_NAME = "$(TARGET_NAME)";
				PROVISIONING_PROFILE = "";
				SWIFT_OBJC_BRIDGING_HEADER = "TheWalls/TheWalls-Bridging-Header.h";
			};
			name = Release;
		};
		999CF7941B2D19A5006A0324 /* Debug */ = {
			isa = XCBuildConfiguration;
			buildSettings = {
				BUNDLE_LOADER = "$(TEST_HOST)";
				FRAMEWORK_SEARCH_PATHS = (
					"$(SDKROOT)/Developer/Library/Frameworks",
					"$(inherited)",
				);
				GCC_PREPROCESSOR_DEFINITIONS = (
					"DEBUG=1",
					"$(inherited)",
				);
				INFOPLIST_FILE = TheWallsTests/Info.plist;
				LD_RUNPATH_SEARCH_PATHS = "$(inherited) @executable_path/Frameworks @loader_path/Frameworks";
				PRODUCT_NAME = "$(TARGET_NAME)";
				TEST_HOST = "$(BUILT_PRODUCTS_DIR)/TheWalls.app/TheWalls";
			};
			name = Debug;
		};
		999CF7951B2D19A5006A0324 /* Release */ = {
			isa = XCBuildConfiguration;
			buildSettings = {
				BUNDLE_LOADER = "$(TEST_HOST)";
				FRAMEWORK_SEARCH_PATHS = (
					"$(SDKROOT)/Developer/Library/Frameworks",
					"$(inherited)",
				);
				INFOPLIST_FILE = TheWallsTests/Info.plist;
				LD_RUNPATH_SEARCH_PATHS = "$(inherited) @executable_path/Frameworks @loader_path/Frameworks";
				PRODUCT_NAME = "$(TARGET_NAME)";
				TEST_HOST = "$(BUILT_PRODUCTS_DIR)/TheWalls.app/TheWalls";
			};
			name = Release;
		};
/* End XCBuildConfiguration section */

/* Begin XCConfigurationList section */
		999CF7651B2D19A5006A0324 /* Build configuration list for PBXProject "TheWalls" */ = {
			isa = XCConfigurationList;
			buildConfigurations = (
				999CF78E1B2D19A5006A0324 /* Debug */,
				999CF78F1B2D19A5006A0324 /* Release */,
			);
			defaultConfigurationIsVisible = 0;
			defaultConfigurationName = Release;
		};
		999CF7901B2D19A5006A0324 /* Build configuration list for PBXNativeTarget "TheWalls" */ = {
			isa = XCConfigurationList;
			buildConfigurations = (
				999CF7911B2D19A5006A0324 /* Debug */,
				999CF7921B2D19A5006A0324 /* Release */,
			);
			defaultConfigurationIsVisible = 0;
			defaultConfigurationName = Release;
		};
		999CF7931B2D19A5006A0324 /* Build configuration list for PBXNativeTarget "TheWallsTests" */ = {
			isa = XCConfigurationList;
			buildConfigurations = (
				999CF7941B2D19A5006A0324 /* Debug */,
				999CF7951B2D19A5006A0324 /* Release */,
			);
			defaultConfigurationIsVisible = 0;
			defaultConfigurationName = Release;
		};
/* End XCConfigurationList section */

/* Begin XCVersionGroup section */
		999CF7741B2D19A5006A0324 /* TheWalls.xcdatamodeld */ = {
			isa = XCVersionGroup;
			children = (
				999CF7751B2D19A5006A0324 /* TheWalls.xcdatamodel */,
			);
			currentVersion = 999CF7751B2D19A5006A0324 /* TheWalls.xcdatamodel */;
			path = TheWalls.xcdatamodeld;
			sourceTree = "<group>";
			versionGroupType = wrapper.xcdatamodel;
		};
/* End XCVersionGroup section */
	};
	rootObject = 999CF7621B2D19A5006A0324 /* Project object */;
}
