// !$*UTF8*$!
{
	archiveVersion = 1;
	classes = {
	};
	objectVersion = 46;
	objects = {

/* Begin PBXBuildFile section */
		7E340EA91B309158004F736D /* FBSDKShareKit.framework in Frameworks */ = {isa = PBXBuildFile; fileRef = 7E340EA81B309158004F736D /* FBSDKShareKit.framework */; };
		7E340EAC1B309161004F736D /* FBSDKCoreKit.framework in Frameworks */ = {isa = PBXBuildFile; fileRef = 7E340EAA1B309161004F736D /* FBSDKCoreKit.framework */; };
		7E340EAD1B309161004F736D /* FBSDKLoginKit.framework in Frameworks */ = {isa = PBXBuildFile; fileRef = 7E340EAB1B309161004F736D /* FBSDKLoginKit.framework */; };
		7EAAE4451B2F3C1500814E77 /* AudioToolbox.framework in Frameworks */ = {isa = PBXBuildFile; fileRef = 7EAAE4441B2F3C1500814E77 /* AudioToolbox.framework */; };
		7EAAE4471B2F3C1E00814E77 /* CFNetwork.framework in Frameworks */ = {isa = PBXBuildFile; fileRef = 7EAAE4461B2F3C1E00814E77 /* CFNetwork.framework */; };
		7EAAE4491B2F3C2A00814E77 /* CoreGraphics.framework in Frameworks */ = {isa = PBXBuildFile; fileRef = 7EAAE4481B2F3C2A00814E77 /* CoreGraphics.framework */; };
		7EAAE44B1B2F3C3500814E77 /* CoreLocation.framework in Frameworks */ = {isa = PBXBuildFile; fileRef = 7EAAE44A1B2F3C3500814E77 /* CoreLocation.framework */; };
		7EAAE44D1B2F3C4100814E77 /* MobileCoreServices.framework in Frameworks */ = {isa = PBXBuildFile; fileRef = 7EAAE44C1B2F3C4100814E77 /* MobileCoreServices.framework */; };
		7EAAE44F1B2F3C4C00814E77 /* QuartzCore.framework in Frameworks */ = {isa = PBXBuildFile; fileRef = 7EAAE44E1B2F3C4C00814E77 /* QuartzCore.framework */; };
		7EAAE4511B2F3C5400814E77 /* Security.framework in Frameworks */ = {isa = PBXBuildFile; fileRef = 7EAAE4501B2F3C5400814E77 /* Security.framework */; };
		7EAAE4531B2F3C5E00814E77 /* StoreKit.framework in Frameworks */ = {isa = PBXBuildFile; fileRef = 7EAAE4521B2F3C5E00814E77 /* StoreKit.framework */; };
		7EAAE4551B2F3C6A00814E77 /* SystemConfiguration.framework in Frameworks */ = {isa = PBXBuildFile; fileRef = 7EAAE4541B2F3C6A00814E77 /* SystemConfiguration.framework */; };
		7EAAE4571B2F3C7900814E77 /* libz.dylib in Frameworks */ = {isa = PBXBuildFile; fileRef = 7EAAE4561B2F3C7900814E77 /* libz.dylib */; };
		7EAAE4591B2F3C8900814E77 /* libsqlite3.dylib in Frameworks */ = {isa = PBXBuildFile; fileRef = 7EAAE4581B2F3C8900814E77 /* libsqlite3.dylib */; };
		7EAAE4601B2F4F2200814E77 /* Bolts.framework in Frameworks */ = {isa = PBXBuildFile; fileRef = 7EAAE45A1B2F4F2200814E77 /* Bolts.framework */; };
		7EAAE4611B2F4F2300814E77 /* Parse.framework in Frameworks */ = {isa = PBXBuildFile; fileRef = 7EAAE45B1B2F4F2200814E77 /* Parse.framework */; };
		7EAAE4621B2F4F2300814E77 /* ParseCrashReporting.framework in Frameworks */ = {isa = PBXBuildFile; fileRef = 7EAAE45C1B2F4F2200814E77 /* ParseCrashReporting.framework */; };
		7EAAE4631B2F4F2300814E77 /* ParseFacebookUtils.framework in Frameworks */ = {isa = PBXBuildFile; fileRef = 7EAAE45D1B2F4F2200814E77 /* ParseFacebookUtils.framework */; };
		7EAAE4641B2F4F2300814E77 /* ParseFacebookUtilsV4.framework in Frameworks */ = {isa = PBXBuildFile; fileRef = 7EAAE45E1B2F4F2200814E77 /* ParseFacebookUtilsV4.framework */; };
		7EAAE4651B2F4F2300814E77 /* ParseUI.framework in Frameworks */ = {isa = PBXBuildFile; fileRef = 7EAAE45F1B2F4F2200814E77 /* ParseUI.framework */; };
		7EAAE47A1B2F646C00814E77 /* LoginViewController.m in Sources */ = {isa = PBXBuildFile; fileRef = 7EAAE4791B2F646C00814E77 /* LoginViewController.m */; };
		7EAAE47D1B2F6D3700814E77 /* HomeViewController.m in Sources */ = {isa = PBXBuildFile; fileRef = 7EAAE47C1B2F6D3700814E77 /* HomeViewController.m */; };
		999B3A851B2F31CA002BC1D6 /* Onboarding.storyboard in Resources */ = {isa = PBXBuildFile; fileRef = 999B3A841B2F31CA002BC1D6 /* Onboarding.storyboard */; };
		999B3A8A1B2F323C002BC1D6 /* PrimaryView.storyboard in Resources */ = {isa = PBXBuildFile; fileRef = 999B3A891B2F323C002BC1D6 /* PrimaryView.storyboard */; };
		999B3A911B2F352C002BC1D6 /* StoryboardManager.swift in Sources */ = {isa = PBXBuildFile; fileRef = 999B3A901B2F352C002BC1D6 /* StoryboardManager.swift */; };
		999B3A971B2F4D89002BC1D6 /* MapKit.framework in Frameworks */ = {isa = PBXBuildFile; fileRef = 999B3A961B2F4D89002BC1D6 /* MapKit.framework */; };
		999B3A9C1B2F6C2E002BC1D6 /* Fabric.framework in Frameworks */ = {isa = PBXBuildFile; fileRef = 999B3A9A1B2F6C2E002BC1D6 /* Fabric.framework */; };
		999B3A9D1B2F6C2E002BC1D6 /* Crashlytics.framework in Frameworks */ = {isa = PBXBuildFile; fileRef = 999B3A9B1B2F6C2E002BC1D6 /* Crashlytics.framework */; };
		999CF7701B2D19A5006A0324 /* main.m in Sources */ = {isa = PBXBuildFile; fileRef = 999CF76F1B2D19A5006A0324 /* main.m */; };
		999CF7731B2D19A5006A0324 /* AppDelegate.m in Sources */ = {isa = PBXBuildFile; fileRef = 999CF7721B2D19A5006A0324 /* AppDelegate.m */; };
		999CF7761B2D19A5006A0324 /* TheWalls.xcdatamodeld in Sources */ = {isa = PBXBuildFile; fileRef = 999CF7741B2D19A5006A0324 /* TheWalls.xcdatamodeld */; };
		999CF7791B2D19A5006A0324 /* RootViewController.m in Sources */ = {isa = PBXBuildFile; fileRef = 999CF7781B2D19A5006A0324 /* RootViewController.m */; };
		999CF77C1B2D19A5006A0324 /* Main.storyboard in Resources */ = {isa = PBXBuildFile; fileRef = 999CF77A1B2D19A5006A0324 /* Main.storyboard */; };
		999CF77E1B2D19A5006A0324 /* Images.xcassets in Resources */ = {isa = PBXBuildFile; fileRef = 999CF77D1B2D19A5006A0324 /* Images.xcassets */; };
		999CF7811B2D19A5006A0324 /* LaunchScreen.xib in Resources */ = {isa = PBXBuildFile; fileRef = 999CF77F1B2D19A5006A0324 /* LaunchScreen.xib */; };
		999CF78D1B2D19A5006A0324 /* TheWallsTests.m in Sources */ = {isa = PBXBuildFile; fileRef = 999CF78C1B2D19A5006A0324 /* TheWallsTests.m */; };
		999CF79A1B2D2AAC006A0324 /* UIColor+CustomColors.m in Sources */ = {isa = PBXBuildFile; fileRef = 999CF7991B2D2AAC006A0324 /* UIColor+CustomColors.m */; };
		999CF7A01B2E05AB006A0324 /* SplashViewController.m in Sources */ = {isa = PBXBuildFile; fileRef = 999CF79F1B2E05AB006A0324 /* SplashViewController.m */; };
/* End PBXBuildFile section */

/* Begin PBXContainerItemProxy section */
		999CF7871B2D19A5006A0324 /* PBXContainerItemProxy */ = {
			isa = PBXContainerItemProxy;
			containerPortal = 999CF7621B2D19A5006A0324 /* Project object */;
			proxyType = 1;
			remoteGlobalIDString = 999CF7691B2D19A5006A0324;
			remoteInfo = TheWalls;
		};
/* End PBXContainerItemProxy section */

/* Begin PBXFileReference section */
		7E340EA81B309158004F736D /* FBSDKShareKit.framework */ = {isa = PBXFileReference; lastKnownFileType = wrapper.framework; name = FBSDKShareKit.framework; path = ../../FacebookSDK/FBSDKShareKit.framework; sourceTree = "<group>"; };
		7E340EAA1B309161004F736D /* FBSDKCoreKit.framework */ = {isa = PBXFileReference; lastKnownFileType = wrapper.framework; name = FBSDKCoreKit.framework; path = ../../FacebookSDK/FBSDKCoreKit.framework; sourceTree = "<group>"; };
		7E340EAB1B309161004F736D /* FBSDKLoginKit.framework */ = {isa = PBXFileReference; lastKnownFileType = wrapper.framework; name = FBSDKLoginKit.framework; path = ../../FacebookSDK/FBSDKLoginKit.framework; sourceTree = "<group>"; };
		7EAAE4441B2F3C1500814E77 /* AudioToolbox.framework */ = {isa = PBXFileReference; lastKnownFileType = wrapper.framework; name = AudioToolbox.framework; path = System/Library/Frameworks/AudioToolbox.framework; sourceTree = SDKROOT; };
		7EAAE4461B2F3C1E00814E77 /* CFNetwork.framework */ = {isa = PBXFileReference; lastKnownFileType = wrapper.framework; name = CFNetwork.framework; path = System/Library/Frameworks/CFNetwork.framework; sourceTree = SDKROOT; };
		7EAAE4481B2F3C2A00814E77 /* CoreGraphics.framework */ = {isa = PBXFileReference; lastKnownFileType = wrapper.framework; name = CoreGraphics.framework; path = System/Library/Frameworks/CoreGraphics.framework; sourceTree = SDKROOT; };
		7EAAE44A1B2F3C3500814E77 /* CoreLocation.framework */ = {isa = PBXFileReference; lastKnownFileType = wrapper.framework; name = CoreLocation.framework; path = System/Library/Frameworks/CoreLocation.framework; sourceTree = SDKROOT; };
		7EAAE44C1B2F3C4100814E77 /* MobileCoreServices.framework */ = {isa = PBXFileReference; lastKnownFileType = wrapper.framework; name = MobileCoreServices.framework; path = System/Library/Frameworks/MobileCoreServices.framework; sourceTree = SDKROOT; };
		7EAAE44E1B2F3C4C00814E77 /* QuartzCore.framework */ = {isa = PBXFileReference; lastKnownFileType = wrapper.framework; name = QuartzCore.framework; path = System/Library/Frameworks/QuartzCore.framework; sourceTree = SDKROOT; };
		7EAAE4501B2F3C5400814E77 /* Security.framework */ = {isa = PBXFileReference; lastKnownFileType = wrapper.framework; name = Security.framework; path = System/Library/Frameworks/Security.framework; sourceTree = SDKROOT; };
		7EAAE4521B2F3C5E00814E77 /* StoreKit.framework */ = {isa = PBXFileReference; lastKnownFileType = wrapper.framework; name = StoreKit.framework; path = System/Library/Frameworks/StoreKit.framework; sourceTree = SDKROOT; };
		7EAAE4541B2F3C6A00814E77 /* SystemConfiguration.framework */ = {isa = PBXFileReference; lastKnownFileType = wrapper.framework; name = SystemConfiguration.framework; path = System/Library/Frameworks/SystemConfiguration.framework; sourceTree = SDKROOT; };
		7EAAE4561B2F3C7900814E77 /* libz.dylib */ = {isa = PBXFileReference; lastKnownFileType = "compiled.mach-o.dylib"; name = libz.dylib; path = usr/lib/libz.dylib; sourceTree = SDKROOT; };
		7EAAE4581B2F3C8900814E77 /* libsqlite3.dylib */ = {isa = PBXFileReference; lastKnownFileType = "compiled.mach-o.dylib"; name = libsqlite3.dylib; path = usr/lib/libsqlite3.dylib; sourceTree = SDKROOT; };
		7EAAE45A1B2F4F2200814E77 /* Bolts.framework */ = {isa = PBXFileReference; lastKnownFileType = wrapper.framework; path = Bolts.framework; sourceTree = "<group>"; };
		7EAAE45B1B2F4F2200814E77 /* Parse.framework */ = {isa = PBXFileReference; lastKnownFileType = wrapper.framework; path = Parse.framework; sourceTree = "<group>"; };
		7EAAE45C1B2F4F2200814E77 /* ParseCrashReporting.framework */ = {isa = PBXFileReference; lastKnownFileType = wrapper.framework; path = ParseCrashReporting.framework; sourceTree = "<group>"; };
		7EAAE45D1B2F4F2200814E77 /* ParseFacebookUtils.framework */ = {isa = PBXFileReference; lastKnownFileType = wrapper.framework; path = ParseFacebookUtils.framework; sourceTree = "<group>"; };
		7EAAE45E1B2F4F2200814E77 /* ParseFacebookUtilsV4.framework */ = {isa = PBXFileReference; lastKnownFileType = wrapper.framework; path = ParseFacebookUtilsV4.framework; sourceTree = "<group>"; };
		7EAAE45F1B2F4F2200814E77 /* ParseUI.framework */ = {isa = PBXFileReference; lastKnownFileType = wrapper.framework; path = ParseUI.framework; sourceTree = "<group>"; };
		7EAAE4781B2F646C00814E77 /* LoginViewController.h */ = {isa = PBXFileReference; fileEncoding = 4; lastKnownFileType = sourcecode.c.h; path = LoginViewController.h; sourceTree = "<group>"; };
		7EAAE4791B2F646C00814E77 /* LoginViewController.m */ = {isa = PBXFileReference; fileEncoding = 4; lastKnownFileType = sourcecode.c.objc; path = LoginViewController.m; sourceTree = "<group>"; };
		7EAAE47B1B2F6D3700814E77 /* HomeViewController.h */ = {isa = PBXFileReference; fileEncoding = 4; lastKnownFileType = sourcecode.c.h; path = HomeViewController.h; sourceTree = "<group>"; };
		7EAAE47C1B2F6D3700814E77 /* HomeViewController.m */ = {isa = PBXFileReference; fileEncoding = 4; lastKnownFileType = sourcecode.c.objc; path = HomeViewController.m; sourceTree = "<group>"; };
		999B3A841B2F31CA002BC1D6 /* Onboarding.storyboard */ = {isa = PBXFileReference; fileEncoding = 4; lastKnownFileType = file.storyboard; path = Onboarding.storyboard; sourceTree = "<group>"; };
		999B3A891B2F323C002BC1D6 /* PrimaryView.storyboard */ = {isa = PBXFileReference; fileEncoding = 4; lastKnownFileType = file.storyboard; path = PrimaryView.storyboard; sourceTree = "<group>"; };
		999B3A8F1B2F352C002BC1D6 /* TheWalls-Bridging-Header.h */ = {isa = PBXFileReference; lastKnownFileType = sourcecode.c.h; path = "TheWalls-Bridging-Header.h"; sourceTree = "<group>"; };
		999B3A901B2F352C002BC1D6 /* StoryboardManager.swift */ = {isa = PBXFileReference; fileEncoding = 4; lastKnownFileType = sourcecode.swift; path = StoryboardManager.swift; sourceTree = "<group>"; };
		999B3A961B2F4D89002BC1D6 /* MapKit.framework */ = {isa = PBXFileReference; lastKnownFileType = wrapper.framework; name = MapKit.framework; path = System/Library/Frameworks/MapKit.framework; sourceTree = SDKROOT; };
		999B3A9A1B2F6C2E002BC1D6 /* Fabric.framework */ = {isa = PBXFileReference; lastKnownFileType = wrapper.framework; path = Fabric.framework; sourceTree = "<group>"; };
		999B3A9B1B2F6C2E002BC1D6 /* Crashlytics.framework */ = {isa = PBXFileReference; lastKnownFileType = wrapper.framework; path = Crashlytics.framework; sourceTree = "<group>"; };
		999CF76A1B2D19A5006A0324 /* TheWalls.app */ = {isa = PBXFileReference; explicitFileType = wrapper.application; includeInIndex = 0; path = TheWalls.app; sourceTree = BUILT_PRODUCTS_DIR; };
		999CF76E1B2D19A5006A0324 /* Info.plist */ = {isa = PBXFileReference; lastKnownFileType = text.plist.xml; path = Info.plist; sourceTree = "<group>"; };
		999CF76F1B2D19A5006A0324 /* main.m */ = {isa = PBXFileReference; lastKnownFileType = sourcecode.c.objc; path = main.m; sourceTree = "<group>"; };
		999CF7711B2D19A5006A0324 /* AppDelegate.h */ = {isa = PBXFileReference; lastKnownFileType = sourcecode.c.h; path = AppDelegate.h; sourceTree = "<group>"; };
		999CF7721B2D19A5006A0324 /* AppDelegate.m */ = {isa = PBXFileReference; lastKnownFileType = sourcecode.c.objc; path = AppDelegate.m; sourceTree = "<group>"; };
		999CF7751B2D19A5006A0324 /* TheWalls.xcdatamodel */ = {isa = PBXFileReference; lastKnownFileType = wrapper.xcdatamodel; path = TheWalls.xcdatamodel; sourceTree = "<group>"; };
		999CF7771B2D19A5006A0324 /* RootViewController.h */ = {isa = PBXFileReference; lastKnownFileType = sourcecode.c.h; path = RootViewController.h; sourceTree = "<group>"; };
		999CF7781B2D19A5006A0324 /* RootViewController.m */ = {isa = PBXFileReference; lastKnownFileType = sourcecode.c.objc; path = RootViewController.m; sourceTree = "<group>"; };
		999CF77B1B2D19A5006A0324 /* Base */ = {isa = PBXFileReference; lastKnownFileType = file.storyboard; name = Base; path = Base.lproj/Main.storyboard; sourceTree = "<group>"; };
		999CF77D1B2D19A5006A0324 /* Images.xcassets */ = {isa = PBXFileReference; lastKnownFileType = folder.assetcatalog; path = Images.xcassets; sourceTree = "<group>"; };
		999CF7801B2D19A5006A0324 /* Base */ = {isa = PBXFileReference; lastKnownFileType = file.xib; name = Base; path = Base.lproj/LaunchScreen.xib; sourceTree = "<group>"; };
		999CF7861B2D19A5006A0324 /* TheWallsTests.xctest */ = {isa = PBXFileReference; explicitFileType = wrapper.cfbundle; includeInIndex = 0; path = TheWallsTests.xctest; sourceTree = BUILT_PRODUCTS_DIR; };
		999CF78B1B2D19A5006A0324 /* Info.plist */ = {isa = PBXFileReference; lastKnownFileType = text.plist.xml; path = Info.plist; sourceTree = "<group>"; };
		999CF78C1B2D19A5006A0324 /* TheWallsTests.m */ = {isa = PBXFileReference; lastKnownFileType = sourcecode.c.objc; path = TheWallsTests.m; sourceTree = "<group>"; };
		999CF7981B2D2AAC006A0324 /* UIColor+CustomColors.h */ = {isa = PBXFileReference; fileEncoding = 4; lastKnownFileType = sourcecode.c.h; path = "UIColor+CustomColors.h"; sourceTree = "<group>"; };
		999CF7991B2D2AAC006A0324 /* UIColor+CustomColors.m */ = {isa = PBXFileReference; fileEncoding = 4; lastKnownFileType = sourcecode.c.objc; path = "UIColor+CustomColors.m"; sourceTree = "<group>"; };
		999CF79E1B2E05AB006A0324 /* SplashViewController.h */ = {isa = PBXFileReference; fileEncoding = 4; lastKnownFileType = sourcecode.c.h; path = SplashViewController.h; sourceTree = "<group>"; };
		999CF79F1B2E05AB006A0324 /* SplashViewController.m */ = {isa = PBXFileReference; fileEncoding = 4; lastKnownFileType = sourcecode.c.objc; path = SplashViewController.m; sourceTree = "<group>"; };
/* End PBXFileReference section */

/* Begin PBXFrameworksBuildPhase section */
		999CF7671B2D19A5006A0324 /* Frameworks */ = {
			isa = PBXFrameworksBuildPhase;
			buildActionMask = 2147483647;
			files = (
				7EAAE4591B2F3C8900814E77 /* libsqlite3.dylib in Frameworks */,
				7EAAE4571B2F3C7900814E77 /* libz.dylib in Frameworks */,
				999B3A971B2F4D89002BC1D6 /* MapKit.framework in Frameworks */,
				7E340EAC1B309161004F736D /* FBSDKCoreKit.framework in Frameworks */,
				999B3A9C1B2F6C2E002BC1D6 /* Fabric.framework in Frameworks */,
				7E340EAD1B309161004F736D /* FBSDKLoginKit.framework in Frameworks */,
				7EAAE4551B2F3C6A00814E77 /* SystemConfiguration.framework in Frameworks */,
				7EAAE4601B2F4F2200814E77 /* Bolts.framework in Frameworks */,
				999B3A9D1B2F6C2E002BC1D6 /* Crashlytics.framework in Frameworks */,
				7EAAE4531B2F3C5E00814E77 /* StoreKit.framework in Frameworks */,
				7EAAE4621B2F4F2300814E77 /* ParseCrashReporting.framework in Frameworks */,
				7EAAE4511B2F3C5400814E77 /* Security.framework in Frameworks */,
				7EAAE4611B2F4F2300814E77 /* Parse.framework in Frameworks */,
				7EAAE4631B2F4F2300814E77 /* ParseFacebookUtils.framework in Frameworks */,
				7EAAE4651B2F4F2300814E77 /* ParseUI.framework in Frameworks */,
				7EAAE44F1B2F3C4C00814E77 /* QuartzCore.framework in Frameworks */,
				7EAAE4641B2F4F2300814E77 /* ParseFacebookUtilsV4.framework in Frameworks */,
				7EAAE44D1B2F3C4100814E77 /* MobileCoreServices.framework in Frameworks */,
				7EAAE44B1B2F3C3500814E77 /* CoreLocation.framework in Frameworks */,
				7E340EA91B309158004F736D /* FBSDKShareKit.framework in Frameworks */,
				7EAAE4491B2F3C2A00814E77 /* CoreGraphics.framework in Frameworks */,
				7EAAE4471B2F3C1E00814E77 /* CFNetwork.framework in Frameworks */,
				7EAAE4451B2F3C1500814E77 /* AudioToolbox.framework in Frameworks */,
			);
			runOnlyForDeploymentPostprocessing = 0;
		};
		999CF7831B2D19A5006A0324 /* Frameworks */ = {
			isa = PBXFrameworksBuildPhase;
			buildActionMask = 2147483647;
			files = (
			);
			runOnlyForDeploymentPostprocessing = 0;
		};
/* End PBXFrameworksBuildPhase section */

/* Begin PBXGroup section */
		7EAAE4761B2F5BB300814E77 /* Facebook */ = {
			isa = PBXGroup;
			children = (
				7E340EA81B309158004F736D /* FBSDKShareKit.framework */,
				7E340EAA1B309161004F736D /* FBSDKCoreKit.framework */,
				7E340EAB1B309161004F736D /* FBSDKLoginKit.framework */,
			);
			name = Facebook;
			sourceTree = "<group>";
		};
		7EAAE4771B2F5BCD00814E77 /* Parse */ = {
			isa = PBXGroup;
			children = (
				7EAAE45B1B2F4F2200814E77 /* Parse.framework */,
				7EAAE45C1B2F4F2200814E77 /* ParseCrashReporting.framework */,
				7EAAE45D1B2F4F2200814E77 /* ParseFacebookUtils.framework */,
				7EAAE45E1B2F4F2200814E77 /* ParseFacebookUtilsV4.framework */,
				7EAAE45F1B2F4F2200814E77 /* ParseUI.framework */,
			);
			name = Parse;
			sourceTree = "<group>";
		};
		999B3A861B2F31D8002BC1D6 /* SplashViewController */ = {
			isa = PBXGroup;
			children = (
				999CF79E1B2E05AB006A0324 /* SplashViewController.h */,
				999CF79F1B2E05AB006A0324 /* SplashViewController.m */,
			);
			name = SplashViewController;
			sourceTree = "<group>";
		};
		999B3A871B2F31EF002BC1D6 /* AppDelegate */ = {
			isa = PBXGroup;
			children = (
				999CF7711B2D19A5006A0324 /* AppDelegate.h */,
				999CF7721B2D19A5006A0324 /* AppDelegate.m */,
			);
			name = AppDelegate;
			sourceTree = "<group>";
		};
		999B3A881B2F3211002BC1D6 /* Onboarding */ = {
			isa = PBXGroup;
			children = (
				999B3A841B2F31CA002BC1D6 /* Onboarding.storyboard */,
				7EAAE47B1B2F6D3700814E77 /* HomeViewController.h */,
				7EAAE47C1B2F6D3700814E77 /* HomeViewController.m */,
				7EAAE4781B2F646C00814E77 /* LoginViewController.h */,
				7EAAE4791B2F646C00814E77 /* LoginViewController.m */,
				999B3A861B2F31D8002BC1D6 /* SplashViewController */,
			);
			name = Onboarding;
			sourceTree = "<group>";
		};
		999B3A8B1B2F3252002BC1D6 /* Primary */ = {
			isa = PBXGroup;
			children = (
				999B3A891B2F323C002BC1D6 /* PrimaryView.storyboard */,
				999CF7A21B2E05C0006A0324 /* RootViewController */,
			);
			name = Primary;
			sourceTree = "<group>";
		};
		999B3A951B2F36D7002BC1D6 /* StoryboardManager */ = {
			isa = PBXGroup;
			children = (
				999CF77A1B2D19A5006A0324 /* Main.storyboard */,
				999B3A901B2F352C002BC1D6 /* StoryboardManager.swift */,
				999B3A8F1B2F352C002BC1D6 /* TheWalls-Bridging-Header.h */,
			);
			name = StoryboardManager;
			sourceTree = "<group>";
		};
		999B3A981B2F5E37002BC1D6 /* Frameworks */ = {
			isa = PBXGroup;
			children = (
				7EAAE4581B2F3C8900814E77 /* libsqlite3.dylib */,
				7EAAE4561B2F3C7900814E77 /* libz.dylib */,
				999B3A9A1B2F6C2E002BC1D6 /* Fabric.framework */,
				999B3A9B1B2F6C2E002BC1D6 /* Crashlytics.framework */,
				7EAAE4771B2F5BCD00814E77 /* Parse */,
				7EAAE4761B2F5BB300814E77 /* Facebook */,
				999B3A961B2F4D89002BC1D6 /* MapKit.framework */,
				7EAAE4541B2F3C6A00814E77 /* SystemConfiguration.framework */,
				7EAAE4521B2F3C5E00814E77 /* StoreKit.framework */,
				7EAAE4501B2F3C5400814E77 /* Security.framework */,
				7EAAE44E1B2F3C4C00814E77 /* QuartzCore.framework */,
				7EAAE44C1B2F3C4100814E77 /* MobileCoreServices.framework */,
				7EAAE44A1B2F3C3500814E77 /* CoreLocation.framework */,
				7EAAE4481B2F3C2A00814E77 /* CoreGraphics.framework */,
				7EAAE4461B2F3C1E00814E77 /* CFNetwork.framework */,
				7EAAE4441B2F3C1500814E77 /* AudioToolbox.framework */,
				7EAAE45A1B2F4F2200814E77 /* Bolts.framework */,
			);
			name = Frameworks;
			sourceTree = "<group>";
		};
		999CF7611B2D19A5006A0324 = {
			isa = PBXGroup;
			children = (
				999B3A981B2F5E37002BC1D6 /* Frameworks */,
				999CF76C1B2D19A5006A0324 /* TheWalls */,
				999CF7891B2D19A5006A0324 /* TheWallsTests */,
				999CF76B1B2D19A5006A0324 /* Products */,
			);
			sourceTree = "<group>";
		};
		999CF76B1B2D19A5006A0324 /* Products */ = {
			isa = PBXGroup;
			children = (
				999CF76A1B2D19A5006A0324 /* TheWalls.app */,
				999CF7861B2D19A5006A0324 /* TheWallsTests.xctest */,
			);
			name = Products;
			sourceTree = "<group>";
		};
		999CF76C1B2D19A5006A0324 /* TheWalls */ = {
			isa = PBXGroup;
			children = (
				999CF7A11B2E05B6006A0324 /* Custom Colors */,
				999B3A871B2F31EF002BC1D6 /* AppDelegate */,
				999B3A951B2F36D7002BC1D6 /* StoryboardManager */,
				999B3A881B2F3211002BC1D6 /* Onboarding */,
				999B3A8B1B2F3252002BC1D6 /* Primary */,
				999CF77D1B2D19A5006A0324 /* Images.xcassets */,
				999CF77F1B2D19A5006A0324 /* LaunchScreen.xib */,
				999CF7741B2D19A5006A0324 /* TheWalls.xcdatamodeld */,
				999CF76D1B2D19A5006A0324 /* Supporting Files */,
			);
			path = TheWalls;
			sourceTree = "<group>";
		};
		999CF76D1B2D19A5006A0324 /* Supporting Files */ = {
			isa = PBXGroup;
			children = (
				999CF76E1B2D19A5006A0324 /* Info.plist */,
				999CF76F1B2D19A5006A0324 /* main.m */,
			);
			name = "Supporting Files";
			sourceTree = "<group>";
		};
		999CF7891B2D19A5006A0324 /* TheWallsTests */ = {
			isa = PBXGroup;
			children = (
				999CF78C1B2D19A5006A0324 /* TheWallsTests.m */,
				999CF78A1B2D19A5006A0324 /* Supporting Files */,
			);
			path = TheWallsTests;
			sourceTree = "<group>";
		};
		999CF78A1B2D19A5006A0324 /* Supporting Files */ = {
			isa = PBXGroup;
			children = (
				999CF78B1B2D19A5006A0324 /* Info.plist */,
			);
			name = "Supporting Files";
			sourceTree = "<group>";
		};
		999CF7A11B2E05B6006A0324 /* Custom Colors */ = {
			isa = PBXGroup;
			children = (
				999CF7981B2D2AAC006A0324 /* UIColor+CustomColors.h */,
				999CF7991B2D2AAC006A0324 /* UIColor+CustomColors.m */,
			);
			name = "Custom Colors";
			sourceTree = "<group>";
		};
		999CF7A21B2E05C0006A0324 /* RootViewController */ = {
			isa = PBXGroup;
			children = (
				999CF7771B2D19A5006A0324 /* RootViewController.h */,
				999CF7781B2D19A5006A0324 /* RootViewController.m */,
			);
			name = RootViewController;
			sourceTree = "<group>";
		};
/* End PBXGroup section */

/* Begin PBXNativeTarget section */
		999CF7691B2D19A5006A0324 /* TheWalls */ = {
			isa = PBXNativeTarget;
			buildConfigurationList = 999CF7901B2D19A5006A0324 /* Build configuration list for PBXNativeTarget "TheWalls" */;
			buildPhases = (
				999CF7661B2D19A5006A0324 /* Sources */,
				999CF7671B2D19A5006A0324 /* Frameworks */,
				999CF7681B2D19A5006A0324 /* Resources */,
				999B3A991B2F6BFF002BC1D6 /* ShellScript */,
			);
			buildRules = (
			);
			dependencies = (
			);
			name = TheWalls;
			productName = TheWalls;
			productReference = 999CF76A1B2D19A5006A0324 /* TheWalls.app */;
			productType = "com.apple.product-type.application";
		};
		999CF7851B2D19A5006A0324 /* TheWallsTests */ = {
			isa = PBXNativeTarget;
			buildConfigurationList = 999CF7931B2D19A5006A0324 /* Build configuration list for PBXNativeTarget "TheWallsTests" */;
			buildPhases = (
				999CF7821B2D19A5006A0324 /* Sources */,
				999CF7831B2D19A5006A0324 /* Frameworks */,
				999CF7841B2D19A5006A0324 /* Resources */,
			);
			buildRules = (
			);
			dependencies = (
				999CF7881B2D19A5006A0324 /* PBXTargetDependency */,
			);
			name = TheWallsTests;
			productName = TheWallsTests;
			productReference = 999CF7861B2D19A5006A0324 /* TheWallsTests.xctest */;
			productType = "com.apple.product-type.bundle.unit-test";
		};
/* End PBXNativeTarget section */

/* Begin PBXProject section */
		999CF7621B2D19A5006A0324 /* Project object */ = {
			isa = PBXProject;
			attributes = {
				LastUpgradeCheck = 0630;
				ORGANIZATIONNAME = "machine^n";
				TargetAttributes = {
					999CF7691B2D19A5006A0324 = {
						CreatedOnToolsVersion = 6.3.1;
					};
					999CF7851B2D19A5006A0324 = {
						CreatedOnToolsVersion = 6.3.1;
						TestTargetID = 999CF7691B2D19A5006A0324;
					};
				};
			};
			buildConfigurationList = 999CF7651B2D19A5006A0324 /* Build configuration list for PBXProject "TheWalls" */;
			compatibilityVersion = "Xcode 3.2";
			developmentRegion = English;
			hasScannedForEncodings = 0;
			knownRegions = (
				en,
				Base,
			);
			mainGroup = 999CF7611B2D19A5006A0324;
			productRefGroup = 999CF76B1B2D19A5006A0324 /* Products */;
			projectDirPath = "";
			projectRoot = "";
			targets = (
				999CF7691B2D19A5006A0324 /* TheWalls */,
				999CF7851B2D19A5006A0324 /* TheWallsTests */,
			);
		};
/* End PBXProject section */

/* Begin PBXResourcesBuildPhase section */
		999CF7681B2D19A5006A0324 /* Resources */ = {
			isa = PBXResourcesBuildPhase;
			buildActionMask = 2147483647;
			files = (
				999B3A8A1B2F323C002BC1D6 /* PrimaryView.storyboard in Resources */,
				999CF77C1B2D19A5006A0324 /* Main.storyboard in Resources */,
				999CF7811B2D19A5006A0324 /* LaunchScreen.xib in Resources */,
				999CF77E1B2D19A5006A0324 /* Images.xcassets in Resources */,
				999B3A851B2F31CA002BC1D6 /* Onboarding.storyboard in Resources */,
			);
			runOnlyForDeploymentPostprocessing = 0;
		};
		999CF7841B2D19A5006A0324 /* Resources */ = {
			isa = PBXResourcesBuildPhase;
			buildActionMask = 2147483647;
			files = (
			);
			runOnlyForDeploymentPostprocessing = 0;
		};
/* End PBXResourcesBuildPhase section */

/* Begin PBXShellScriptBuildPhase section */
		999B3A991B2F6BFF002BC1D6 /* ShellScript */ = {
			isa = PBXShellScriptBuildPhase;
			buildActionMask = 2147483647;
			files = (
			);
			inputPaths = (
			);
			outputPaths = (
			);
			runOnlyForDeploymentPostprocessing = 0;
			shellPath = /bin/sh;
			shellScript = "./Fabric.framework/run a160530d149b318e6fe3b34e823398daf99192e5 80be5f908fb97d15dd768902dc6b7d0e11e6796fdc1a62bcba9750d4df566135";
		};
/* End PBXShellScriptBuildPhase section */

/* Begin PBXSourcesBuildPhase section */
		999CF7661B2D19A5006A0324 /* Sources */ = {
			isa = PBXSourcesBuildPhase;
			buildActionMask = 2147483647;
			files = (
				7EAAE47A1B2F646C00814E77 /* LoginViewController.m in Sources */,
				999CF7761B2D19A5006A0324 /* TheWalls.xcdatamodeld in Sources */,
				999B3A911B2F352C002BC1D6 /* StoryboardManager.swift in Sources */,
				999CF7731B2D19A5006A0324 /* AppDelegate.m in Sources */,
				999CF79A1B2D2AAC006A0324 /* UIColor+CustomColors.m in Sources */,
				7EAAE47D1B2F6D3700814E77 /* HomeViewController.m in Sources */,
				999CF7791B2D19A5006A0324 /* RootViewController.m in Sources */,
				999CF7701B2D19A5006A0324 /* main.m in Sources */,
				999CF7A01B2E05AB006A0324 /* SplashViewController.m in Sources */,
			);
			runOnlyForDeploymentPostprocessing = 0;
		};
		999CF7821B2D19A5006A0324 /* Sources */ = {
			isa = PBXSourcesBuildPhase;
			buildActionMask = 2147483647;
			files = (
				999CF78D1B2D19A5006A0324 /* TheWallsTests.m in Sources */,
			);
			runOnlyForDeploymentPostprocessing = 0;
		};
/* End PBXSourcesBuildPhase section */

/* Begin PBXTargetDependency section */
		999CF7881B2D19A5006A0324 /* PBXTargetDependency */ = {
			isa = PBXTargetDependency;
			target = 999CF7691B2D19A5006A0324 /* TheWalls */;
			targetProxy = 999CF7871B2D19A5006A0324 /* PBXContainerItemProxy */;
		};
/* End PBXTargetDependency section */

/* Begin PBXVariantGroup section */
		999CF77A1B2D19A5006A0324 /* Main.storyboard */ = {
			isa = PBXVariantGroup;
			children = (
				999CF77B1B2D19A5006A0324 /* Base */,
			);
			name = Main.storyboard;
			sourceTree = "<group>";
		};
		999CF77F1B2D19A5006A0324 /* LaunchScreen.xib */ = {
			isa = PBXVariantGroup;
			children = (
				999CF7801B2D19A5006A0324 /* Base */,
			);
			name = LaunchScreen.xib;
			sourceTree = "<group>";
		};
/* End PBXVariantGroup section */

/* Begin XCBuildConfiguration section */
		999CF78E1B2D19A5006A0324 /* Debug */ = {
			isa = XCBuildConfiguration;
			buildSettings = {
				ALWAYS_SEARCH_USER_PATHS = NO;
				CLANG_CXX_LANGUAGE_STANDARD = "gnu++0x";
				CLANG_CXX_LIBRARY = "libc++";
				CLANG_ENABLE_MODULES = YES;
				CLANG_ENABLE_OBJC_ARC = YES;
				CLANG_WARN_BOOL_CONVERSION = YES;
				CLANG_WARN_CONSTANT_CONVERSION = YES;
				CLANG_WARN_DIRECT_OBJC_ISA_USAGE = YES_ERROR;
				CLANG_WARN_EMPTY_BODY = YES;
				CLANG_WARN_ENUM_CONVERSION = YES;
				CLANG_WARN_INT_CONVERSION = YES;
				CLANG_WARN_OBJC_ROOT_CLASS = YES_ERROR;
				CLANG_WARN_UNREACHABLE_CODE = YES;
				CLANG_WARN__DUPLICATE_METHOD_MATCH = YES;
				"CODE_SIGN_IDENTITY[sdk=iphoneos*]" = "iPhone Developer";
				COPY_PHASE_STRIP = NO;
				DEBUG_INFORMATION_FORMAT = "dwarf-with-dsym";
				ENABLE_STRICT_OBJC_MSGSEND = YES;
				GCC_C_LANGUAGE_STANDARD = gnu99;
				GCC_DYNAMIC_NO_PIC = NO;
				GCC_NO_COMMON_BLOCKS = YES;
				GCC_OPTIMIZATION_LEVEL = 0;
				GCC_PREPROCESSOR_DEFINITIONS = (
					"DEBUG=1",
					"$(inherited)",
				);
				GCC_SYMBOLS_PRIVATE_EXTERN = NO;
				GCC_WARN_64_TO_32_BIT_CONVERSION = YES;
				GCC_WARN_ABOUT_RETURN_TYPE = YES_ERROR;
				GCC_WARN_UNDECLARED_SELECTOR = YES;
				GCC_WARN_UNINITIALIZED_AUTOS = YES_AGGRESSIVE;
				GCC_WARN_UNUSED_FUNCTION = YES;
				GCC_WARN_UNUSED_VARIABLE = YES;
				IPHONEOS_DEPLOYMENT_TARGET = 8.3;
				MTL_ENABLE_DEBUG_INFO = YES;
				ONLY_ACTIVE_ARCH = YES;
				SDKROOT = iphoneos;
				TARGETED_DEVICE_FAMILY = "1,2";
			};
			name = Debug;
		};
		999CF78F1B2D19A5006A0324 /* Release */ = {
			isa = XCBuildConfiguration;
			buildSettings = {
				ALWAYS_SEARCH_USER_PATHS = NO;
				CLANG_CXX_LANGUAGE_STANDARD = "gnu++0x";
				CLANG_CXX_LIBRARY = "libc++";
				CLANG_ENABLE_MODULES = YES;
				CLANG_ENABLE_OBJC_ARC = YES;
				CLANG_WARN_BOOL_CONVERSION = YES;
				CLANG_WARN_CONSTANT_CONVERSION = YES;
				CLANG_WARN_DIRECT_OBJC_ISA_USAGE = YES_ERROR;
				CLANG_WARN_EMPTY_BODY = YES;
				CLANG_WARN_ENUM_CONVERSION = YES;
				CLANG_WARN_INT_CONVERSION = YES;
				CLANG_WARN_OBJC_ROOT_CLASS = YES_ERROR;
				CLANG_WARN_UNREACHABLE_CODE = YES;
				CLANG_WARN__DUPLICATE_METHOD_MATCH = YES;
				"CODE_SIGN_IDENTITY[sdk=iphoneos*]" = "iPhone Developer";
				COPY_PHASE_STRIP = NO;
				DEBUG_INFORMATION_FORMAT = "dwarf-with-dsym";
				ENABLE_NS_ASSERTIONS = NO;
				ENABLE_STRICT_OBJC_MSGSEND = YES;
				GCC_C_LANGUAGE_STANDARD = gnu99;
				GCC_NO_COMMON_BLOCKS = YES;
				GCC_WARN_64_TO_32_BIT_CONVERSION = YES;
				GCC_WARN_ABOUT_RETURN_TYPE = YES_ERROR;
				GCC_WARN_UNDECLARED_SELECTOR = YES;
				GCC_WARN_UNINITIALIZED_AUTOS = YES_AGGRESSIVE;
				GCC_WARN_UNUSED_FUNCTION = YES;
				GCC_WARN_UNUSED_VARIABLE = YES;
				IPHONEOS_DEPLOYMENT_TARGET = 8.3;
				MTL_ENABLE_DEBUG_INFO = NO;
				SDKROOT = iphoneos;
				TARGETED_DEVICE_FAMILY = "1,2";
				VALIDATE_PRODUCT = YES;
			};
			name = Release;
		};
		999CF7911B2D19A5006A0324 /* Debug */ = {
			isa = XCBuildConfiguration;
			buildSettings = {
				ASSETCATALOG_COMPILER_APPICON_NAME = AppIcon;
				CLANG_ENABLE_MODULES = YES;
				FRAMEWORK_SEARCH_PATHS = (
					"$(inherited)",
					"$(PROJECT_DIR)",
					/Users/bryonfinke/Documents/FacebookSDK,
				);
				INFOPLIST_FILE = TheWalls/Info.plist;
				LD_RUNPATH_SEARCH_PATHS = "$(inherited) @executable_path/Frameworks";
				PRODUCT_NAME = "$(TARGET_NAME)";
				SWIFT_OBJC_BRIDGING_HEADER = "TheWalls/TheWalls-Bridging-Header.h";
				SWIFT_OPTIMIZATION_LEVEL = "-Onone";
			};
			name = Debug;
		};
		999CF7921B2D19A5006A0324 /* Release */ = {
			isa = XCBuildConfiguration;
			buildSettings = {
				ASSETCATALOG_COMPILER_APPICON_NAME = AppIcon;
				CLANG_ENABLE_MODULES = YES;
				FRAMEWORK_SEARCH_PATHS = (
					"$(inherited)",
					"$(PROJECT_DIR)",
					/Users/bryonfinke/Documents/FacebookSDK,
				);
				INFOPLIST_FILE = TheWalls/Info.plist;
				LD_RUNPATH_SEARCH_PATHS = "$(inherited) @executable_path/Frameworks";
				PRODUCT_NAME = "$(TARGET_NAME)";
				SWIFT_OBJC_BRIDGING_HEADER = "TheWalls/TheWalls-Bridging-Header.h";
			};
			name = Release;
		};
		999CF7941B2D19A5006A0324 /* Debug */ = {
			isa = XCBuildConfiguration;
			buildSettings = {
				BUNDLE_LOADER = "$(TEST_HOST)";
				FRAMEWORK_SEARCH_PATHS = (
					"$(SDKROOT)/Developer/Library/Frameworks",
					"$(inherited)",
				);
				GCC_PREPROCESSOR_DEFINITIONS = (
					"DEBUG=1",
					"$(inherited)",
				);
				INFOPLIST_FILE = TheWallsTests/Info.plist;
				LD_RUNPATH_SEARCH_PATHS = "$(inherited) @executable_path/Frameworks @loader_path/Frameworks";
				PRODUCT_NAME = "$(TARGET_NAME)";
				TEST_HOST = "$(BUILT_PRODUCTS_DIR)/TheWalls.app/TheWalls";
			};
			name = Debug;
		};
		999CF7951B2D19A5006A0324 /* Release */ = {
			isa = XCBuildConfiguration;
			buildSettings = {
				BUNDLE_LOADER = "$(TEST_HOST)";
				FRAMEWORK_SEARCH_PATHS = (
					"$(SDKROOT)/Developer/Library/Frameworks",
					"$(inherited)",
				);
				INFOPLIST_FILE = TheWallsTests/Info.plist;
				LD_RUNPATH_SEARCH_PATHS = "$(inherited) @executable_path/Frameworks @loader_path/Frameworks";
				PRODUCT_NAME = "$(TARGET_NAME)";
				TEST_HOST = "$(BUILT_PRODUCTS_DIR)/TheWalls.app/TheWalls";
			};
			name = Release;
		};
/* End XCBuildConfiguration section */

/* Begin XCConfigurationList section */
		999CF7651B2D19A5006A0324 /* Build configuration list for PBXProject "TheWalls" */ = {
			isa = XCConfigurationList;
			buildConfigurations = (
				999CF78E1B2D19A5006A0324 /* Debug */,
				999CF78F1B2D19A5006A0324 /* Release */,
			);
			defaultConfigurationIsVisible = 0;
			defaultConfigurationName = Release;
		};
		999CF7901B2D19A5006A0324 /* Build configuration list for PBXNativeTarget "TheWalls" */ = {
			isa = XCConfigurationList;
			buildConfigurations = (
				999CF7911B2D19A5006A0324 /* Debug */,
				999CF7921B2D19A5006A0324 /* Release */,
			);
			defaultConfigurationIsVisible = 0;
			defaultConfigurationName = Release;
		};
		999CF7931B2D19A5006A0324 /* Build configuration list for PBXNativeTarget "TheWallsTests" */ = {
			isa = XCConfigurationList;
			buildConfigurations = (
				999CF7941B2D19A5006A0324 /* Debug */,
				999CF7951B2D19A5006A0324 /* Release */,
			);
			defaultConfigurationIsVisible = 0;
			defaultConfigurationName = Release;
		};
/* End XCConfigurationList section */

/* Begin XCVersionGroup section */
		999CF7741B2D19A5006A0324 /* TheWalls.xcdatamodeld */ = {
			isa = XCVersionGroup;
			children = (
				999CF7751B2D19A5006A0324 /* TheWalls.xcdatamodel */,
			);
			currentVersion = 999CF7751B2D19A5006A0324 /* TheWalls.xcdatamodel */;
			path = TheWalls.xcdatamodeld;
			sourceTree = "<group>";
			versionGroupType = wrapper.xcdatamodel;
		};
/* End XCVersionGroup section */
	};
	rootObject = 999CF7621B2D19A5006A0324 /* Project object */;
}
